// !$*UTF8*$!
{
	archiveVersion = 1;
	classes = {
	};
	objectVersion = 46;
	objects = {

/* Begin PBXBuildFile section */
		E51E491F1E89D8CE00A773B7 /* main.m in Sources */ = {isa = PBXBuildFile; fileRef = E51E491E1E89D8CE00A773B7 /* main.m */; };
		E51E49221E89D8CE00A773B7 /* AppDelegate.m in Sources */ = {isa = PBXBuildFile; fileRef = E51E49211E89D8CE00A773B7 /* AppDelegate.m */; };
		E51E49251E89D8CE00A773B7 /* ViewController.m in Sources */ = {isa = PBXBuildFile; fileRef = E51E49241E89D8CE00A773B7 /* ViewController.m */; };
		E51E49281E89D8CE00A773B7 /* Main.storyboard in Resources */ = {isa = PBXBuildFile; fileRef = E51E49261E89D8CE00A773B7 /* Main.storyboard */; };
		E51E492A1E89D8CE00A773B7 /* Assets.xcassets in Resources */ = {isa = PBXBuildFile; fileRef = E51E49291E89D8CE00A773B7 /* Assets.xcassets */; };
		E51E492D1E89D8CE00A773B7 /* LaunchScreen.storyboard in Resources */ = {isa = PBXBuildFile; fileRef = E51E492B1E89D8CE00A773B7 /* LaunchScreen.storyboard */; };
		E52D63B01E8A226B00BDCA6C /* libsqlite3.tbd in Frameworks */ = {isa = PBXBuildFile; fileRef = E52D63AF1E8A226B00BDCA6C /* libsqlite3.tbd */; };
		E52D63B21E8A227400BDCA6C /* CFNetwork.framework in Frameworks */ = {isa = PBXBuildFile; fileRef = E52D63B11E8A227400BDCA6C /* CFNetwork.framework */; };
		E52D63B41E8A228200BDCA6C /* SystemConfiguration.framework in Frameworks */ = {isa = PBXBuildFile; fileRef = E52D63B31E8A228200BDCA6C /* SystemConfiguration.framework */; };
		E52D63B61E8A229500BDCA6C /* MobileCoreServices.framework in Frameworks */ = {isa = PBXBuildFile; fileRef = E52D63B51E8A229500BDCA6C /* MobileCoreServices.framework */; };
		E52D63B81E8A22A600BDCA6C /* CoreGraphics.framework in Frameworks */ = {isa = PBXBuildFile; fileRef = E52D63B71E8A22A600BDCA6C /* CoreGraphics.framework */; };
		E52D63BA1E8A22B500BDCA6C /* QuartzCore.framework in Frameworks */ = {isa = PBXBuildFile; fileRef = E52D63B91E8A22B500BDCA6C /* QuartzCore.framework */; };
		E52D63BC1E8A22BD00BDCA6C /* libz.1.2.5.tbd in Frameworks */ = {isa = PBXBuildFile; fileRef = E52D63BB1E8A22BD00BDCA6C /* libz.1.2.5.tbd */; };
		E52D63BE1E8A22C500BDCA6C /* UIKit.framework in Frameworks */ = {isa = PBXBuildFile; fileRef = E52D63BD1E8A22C500BDCA6C /* UIKit.framework */; };
		E52D63C01E8A22CE00BDCA6C /* Foundation.framework in Frameworks */ = {isa = PBXBuildFile; fileRef = E52D63BF1E8A22CE00BDCA6C /* Foundation.framework */; };
		E5E588FB1E8A415B0000BB63 /* ASIAuthenticationDialog.m in Sources */ = {isa = PBXBuildFile; fileRef = E5E588D31E8A415B0000BB63 /* ASIAuthenticationDialog.m */; settings = {COMPILER_FLAGS = "-fno-objc-arc"; }; };
		E5E588FC1E8A415B0000BB63 /* ASIDataCompressor.m in Sources */ = {isa = PBXBuildFile; fileRef = E5E588D61E8A415B0000BB63 /* ASIDataCompressor.m */; settings = {COMPILER_FLAGS = "-fno-objc-arc"; }; };
		E5E588FD1E8A415B0000BB63 /* ASIDataDecompressor.m in Sources */ = {isa = PBXBuildFile; fileRef = E5E588D81E8A415B0000BB63 /* ASIDataDecompressor.m */; settings = {COMPILER_FLAGS = "-fno-objc-arc"; }; };
		E5E588FE1E8A415B0000BB63 /* ASIDownloadCache.m in Sources */ = {isa = PBXBuildFile; fileRef = E5E588DA1E8A415B0000BB63 /* ASIDownloadCache.m */; settings = {COMPILER_FLAGS = "-fno-objc-arc"; }; };
		E5E588FF1E8A415B0000BB63 /* ASIFormDataRequest.m in Sources */ = {isa = PBXBuildFile; fileRef = E5E588DC1E8A415B0000BB63 /* ASIFormDataRequest.m */; settings = {COMPILER_FLAGS = "-fno-objc-arc"; }; };
		E5E589001E8A415B0000BB63 /* ASIHTTPRequest.m in Sources */ = {isa = PBXBuildFile; fileRef = E5E588DE1E8A415B0000BB63 /* ASIHTTPRequest.m */; settings = {COMPILER_FLAGS = "-fno-objc-arc"; }; };
		E5E589011E8A415B0000BB63 /* ASIInputStream.m in Sources */ = {isa = PBXBuildFile; fileRef = E5E588E21E8A415B0000BB63 /* ASIInputStream.m */; settings = {COMPILER_FLAGS = "-fno-objc-arc"; }; };
		E5E589021E8A415B0000BB63 /* ASINetworkQueue.m in Sources */ = {isa = PBXBuildFile; fileRef = E5E588E41E8A415B0000BB63 /* ASINetworkQueue.m */; settings = {COMPILER_FLAGS = "-fno-objc-arc"; }; };
		E5E589031E8A415B0000BB63 /* FMDatabase.m in Sources */ = {isa = PBXBuildFile; fileRef = E5E588E71E8A415B0000BB63 /* FMDatabase.m */; settings = {COMPILER_FLAGS = "-fno-objc-arc"; }; };
		E5E589041E8A415B0000BB63 /* FMDatabaseAdditions.m in Sources */ = {isa = PBXBuildFile; fileRef = E5E588E91E8A415B0000BB63 /* FMDatabaseAdditions.m */; settings = {COMPILER_FLAGS = "-fno-objc-arc"; }; };
		E5E589051E8A415B0000BB63 /* FMDatabasePool.m in Sources */ = {isa = PBXBuildFile; fileRef = E5E588EB1E8A415B0000BB63 /* FMDatabasePool.m */; settings = {COMPILER_FLAGS = "-fno-objc-arc"; }; };
		E5E589061E8A415B0000BB63 /* FMDatabaseQueue.m in Sources */ = {isa = PBXBuildFile; fileRef = E5E588ED1E8A415B0000BB63 /* FMDatabaseQueue.m */; settings = {COMPILER_FLAGS = "-fno-objc-arc"; }; };
		E5E589071E8A415B0000BB63 /* FMResultSet.m in Sources */ = {isa = PBXBuildFile; fileRef = E5E588F01E8A415B0000BB63 /* FMResultSet.m */; settings = {COMPILER_FLAGS = "-fno-objc-arc"; }; };
		E5E589081E8A415B0000BB63 /* Reachability.m in Sources */ = {isa = PBXBuildFile; fileRef = E5E588F21E8A415B0000BB63 /* Reachability.m */; settings = {COMPILER_FLAGS = "-fno-objc-arc"; }; };
		E5E589091E8A415B0000BB63 /* SBJSON.m in Sources */ = {isa = PBXBuildFile; fileRef = E5E588F41E8A415B0000BB63 /* SBJSON.m */; settings = {COMPILER_FLAGS = "-fno-objc-arc"; }; };
		E5E5890A1E8A415B0000BB63 /* SBJsonBase.m in Sources */ = {isa = PBXBuildFile; fileRef = E5E588F61E8A415B0000BB63 /* SBJsonBase.m */; settings = {COMPILER_FLAGS = "-fno-objc-arc"; }; };
		E5E5890B1E8A415B0000BB63 /* SBJsonParser.m in Sources */ = {isa = PBXBuildFile; fileRef = E5E588F81E8A415B0000BB63 /* SBJsonParser.m */; settings = {COMPILER_FLAGS = "-fno-objc-arc"; }; };
		E5E5890C1E8A415B0000BB63 /* SBJsonWriter.m in Sources */ = {isa = PBXBuildFile; fileRef = E5E588FA1E8A415B0000BB63 /* SBJsonWriter.m */; settings = {COMPILER_FLAGS = "-fno-objc-arc"; }; };
		E5E589211E8A444C0000BB63 /* photoBtn@2x.png in Resources */ = {isa = PBXBuildFile; fileRef = E5E5891F1E8A444C0000BB63 /* photoBtn@2x.png */; };
		E5E589221E8A444C0000BB63 /* startBtn@2x.png in Resources */ = {isa = PBXBuildFile; fileRef = E5E589201E8A444C0000BB63 /* startBtn@2x.png */; };
		E5E589401E8A45240000BB63 /* CacheUtil.m in Sources */ = {isa = PBXBuildFile; fileRef = E5E589251E8A45240000BB63 /* CacheUtil.m */; };
		E5E589411E8A45240000BB63 /* CheckNetwork.m in Sources */ = {isa = PBXBuildFile; fileRef = E5E589271E8A45240000BB63 /* CheckNetwork.m */; };
		E5E589421E8A45240000BB63 /* CheckVersion.m in Sources */ = {isa = PBXBuildFile; fileRef = E5E589291E8A45240000BB63 /* CheckVersion.m */; };
		E5E589431E8A45240000BB63 /* Common_param.m in Sources */ = {isa = PBXBuildFile; fileRef = E5E5892B1E8A45240000BB63 /* Common_param.m */; };
		E5E589441E8A45240000BB63 /* CommonFunctions.m in Sources */ = {isa = PBXBuildFile; fileRef = E5E5892D1E8A45240000BB63 /* CommonFunctions.m */; };
		E5E589451E8A45240000BB63 /* Commont_Utils.m in Sources */ = {isa = PBXBuildFile; fileRef = E5E5892F1E8A45240000BB63 /* Commont_Utils.m */; };
		E5E589461E8A45240000BB63 /* FanModel.m in Sources */ = {isa = PBXBuildFile; fileRef = E5E589311E8A45240000BB63 /* FanModel.m */; };
		E5E589471E8A45240000BB63 /* ItemCacheModel.m in Sources */ = {isa = PBXBuildFile; fileRef = E5E589331E8A45240000BB63 /* ItemCacheModel.m */; };
		E5E589481E8A45240000BB63 /* NSString+urlEncode.m in Sources */ = {isa = PBXBuildFile; fileRef = E5E589351E8A45240000BB63 /* NSString+urlEncode.m */; };
		E5E589491E8A45240000BB63 /* openUDID.m in Sources */ = {isa = PBXBuildFile; fileRef = E5E589371E8A45240000BB63 /* openUDID.m */; };
		E5E5894A1E8A45240000BB63 /* StarCacheModel.m in Sources */ = {isa = PBXBuildFile; fileRef = E5E589391E8A45240000BB63 /* StarCacheModel.m */; };
		E5E5894B1E8A45240000BB63 /* TapTabBarItemView.m in Sources */ = {isa = PBXBuildFile; fileRef = E5E5893B1E8A45240000BB63 /* TapTabBarItemView.m */; };
		E5E5894C1E8A45240000BB63 /* UserInfoCacheModel.m in Sources */ = {isa = PBXBuildFile; fileRef = E5E5893D1E8A45240000BB63 /* UserInfoCacheModel.m */; };
		E5E5894D1E8A45240000BB63 /* UserModel.m in Sources */ = {isa = PBXBuildFile; fileRef = E5E5893F1E8A45240000BB63 /* UserModel.m */; };
/* End PBXBuildFile section */

/* Begin PBXContainerItemProxy section */
		E51E49341E89D8CE00A773B7 /* PBXContainerItemProxy */ = {
			isa = PBXContainerItemProxy;
			containerPortal = E51E49121E89D8CE00A773B7 /* Project object */;
			proxyType = 1;
			remoteGlobalIDString = E51E49191E89D8CE00A773B7;
			remoteInfo = NewRecorder;
		};
		E51E493F1E89D8CE00A773B7 /* PBXContainerItemProxy */ = {
			isa = PBXContainerItemProxy;
			containerPortal = E51E49121E89D8CE00A773B7 /* Project object */;
			proxyType = 1;
			remoteGlobalIDString = E51E49191E89D8CE00A773B7;
			remoteInfo = NewRecorder;
		};
/* End PBXContainerItemProxy section */

/* Begin PBXFileReference section */
		E51E491E1E89D8CE00A773B7 /* main.m */ = {isa = PBXFileReference; lastKnownFileType = sourcecode.c.objc; path = main.m; sourceTree = "<group>"; };
		E51E49201E89D8CE00A773B7 /* AppDelegate.h */ = {isa = PBXFileReference; lastKnownFileType = sourcecode.c.h; path = AppDelegate.h; sourceTree = "<group>"; };
		E51E49211E89D8CE00A773B7 /* AppDelegate.m */ = {isa = PBXFileReference; lastKnownFileType = sourcecode.c.objc; path = AppDelegate.m; sourceTree = "<group>"; };
		E51E49231E89D8CE00A773B7 /* ViewController.h */ = {isa = PBXFileReference; lastKnownFileType = sourcecode.c.h; path = ViewController.h; sourceTree = "<group>"; };
		E51E49241E89D8CE00A773B7 /* ViewController.m */ = {isa = PBXFileReference; lastKnownFileType = sourcecode.c.objc; path = ViewController.m; sourceTree = "<group>"; };
		E51E49271E89D8CE00A773B7 /* Base */ = {isa = PBXFileReference; lastKnownFileType = file.storyboard; name = Base; path = Base.lproj/Main.storyboard; sourceTree = "<group>"; };
		E51E49291E89D8CE00A773B7 /* Assets.xcassets */ = {isa = PBXFileReference; lastKnownFileType = folder.assetcatalog; path = Assets.xcassets; sourceTree = "<group>"; };
		E51E492C1E89D8CE00A773B7 /* Base */ = {isa = PBXFileReference; lastKnownFileType = file.storyboard; name = Base; path = Base.lproj/LaunchScreen.storyboard; sourceTree = "<group>"; };
		E51E492E1E89D8CE00A773B7 /* Info.plist */ = {isa = PBXFileReference; lastKnownFileType = text.plist.xml; path = Info.plist; sourceTree = "<group>"; };
		E52D63AF1E8A226B00BDCA6C /* libsqlite3.tbd */ = {isa = PBXFileReference; lastKnownFileType = "sourcecode.text-based-dylib-definition"; name = libsqlite3.tbd; path = usr/lib/libsqlite3.tbd; sourceTree = SDKROOT; };
		E52D63B11E8A227400BDCA6C /* CFNetwork.framework */ = {isa = PBXFileReference; lastKnownFileType = wrapper.framework; name = CFNetwork.framework; path = System/Library/Frameworks/CFNetwork.framework; sourceTree = SDKROOT; };
		E52D63B31E8A228200BDCA6C /* SystemConfiguration.framework */ = {isa = PBXFileReference; lastKnownFileType = wrapper.framework; name = SystemConfiguration.framework; path = System/Library/Frameworks/SystemConfiguration.framework; sourceTree = SDKROOT; };
		E52D63B51E8A229500BDCA6C /* MobileCoreServices.framework */ = {isa = PBXFileReference; lastKnownFileType = wrapper.framework; name = MobileCoreServices.framework; path = System/Library/Frameworks/MobileCoreServices.framework; sourceTree = SDKROOT; };
		E52D63B71E8A22A600BDCA6C /* CoreGraphics.framework */ = {isa = PBXFileReference; lastKnownFileType = wrapper.framework; name = CoreGraphics.framework; path = System/Library/Frameworks/CoreGraphics.framework; sourceTree = SDKROOT; };
		E52D63B91E8A22B500BDCA6C /* QuartzCore.framework */ = {isa = PBXFileReference; lastKnownFileType = wrapper.framework; name = QuartzCore.framework; path = System/Library/Frameworks/QuartzCore.framework; sourceTree = SDKROOT; };
		E52D63BB1E8A22BD00BDCA6C /* libz.1.2.5.tbd */ = {isa = PBXFileReference; lastKnownFileType = "sourcecode.text-based-dylib-definition"; name = libz.1.2.5.tbd; path = usr/lib/libz.1.2.5.tbd; sourceTree = SDKROOT; };
		E52D63BD1E8A22C500BDCA6C /* UIKit.framework */ = {isa = PBXFileReference; lastKnownFileType = wrapper.framework; name = UIKit.framework; path = System/Library/Frameworks/UIKit.framework; sourceTree = SDKROOT; };
		E52D63BF1E8A22CE00BDCA6C /* Foundation.framework */ = {isa = PBXFileReference; lastKnownFileType = wrapper.framework; name = Foundation.framework; path = System/Library/Frameworks/Foundation.framework; sourceTree = SDKROOT; };
		E5E5889F1E8A3CE80000BB63 /* NewRecorder.app */ = {isa = PBXFileReference; explicitFileType = wrapper.application; includeInIndex = 0; path = NewRecorder.app; sourceTree = BUILT_PRODUCTS_DIR; };
		E5E588D21E8A415B0000BB63 /* ASIAuthenticationDialog.h */ = {isa = PBXFileReference; fileEncoding = 4; lastKnownFileType = sourcecode.c.h; path = ASIAuthenticationDialog.h; sourceTree = "<group>"; };
		E5E588D31E8A415B0000BB63 /* ASIAuthenticationDialog.m */ = {isa = PBXFileReference; fileEncoding = 4; lastKnownFileType = sourcecode.c.objc; path = ASIAuthenticationDialog.m; sourceTree = "<group>"; };
		E5E588D41E8A415B0000BB63 /* ASICacheDelegate.h */ = {isa = PBXFileReference; fileEncoding = 4; lastKnownFileType = sourcecode.c.h; path = ASICacheDelegate.h; sourceTree = "<group>"; };
		E5E588D51E8A415B0000BB63 /* ASIDataCompressor.h */ = {isa = PBXFileReference; fileEncoding = 4; lastKnownFileType = sourcecode.c.h; path = ASIDataCompressor.h; sourceTree = "<group>"; };
		E5E588D61E8A415B0000BB63 /* ASIDataCompressor.m */ = {isa = PBXFileReference; fileEncoding = 4; lastKnownFileType = sourcecode.c.objc; path = ASIDataCompressor.m; sourceTree = "<group>"; };
		E5E588D71E8A415B0000BB63 /* ASIDataDecompressor.h */ = {isa = PBXFileReference; fileEncoding = 4; lastKnownFileType = sourcecode.c.h; path = ASIDataDecompressor.h; sourceTree = "<group>"; };
		E5E588D81E8A415B0000BB63 /* ASIDataDecompressor.m */ = {isa = PBXFileReference; fileEncoding = 4; lastKnownFileType = sourcecode.c.objc; path = ASIDataDecompressor.m; sourceTree = "<group>"; };
		E5E588D91E8A415B0000BB63 /* ASIDownloadCache.h */ = {isa = PBXFileReference; fileEncoding = 4; lastKnownFileType = sourcecode.c.h; path = ASIDownloadCache.h; sourceTree = "<group>"; };
		E5E588DA1E8A415B0000BB63 /* ASIDownloadCache.m */ = {isa = PBXFileReference; fileEncoding = 4; lastKnownFileType = sourcecode.c.objc; path = ASIDownloadCache.m; sourceTree = "<group>"; };
		E5E588DB1E8A415B0000BB63 /* ASIFormDataRequest.h */ = {isa = PBXFileReference; fileEncoding = 4; lastKnownFileType = sourcecode.c.h; path = ASIFormDataRequest.h; sourceTree = "<group>"; };
		E5E588DC1E8A415B0000BB63 /* ASIFormDataRequest.m */ = {isa = PBXFileReference; fileEncoding = 4; lastKnownFileType = sourcecode.c.objc; path = ASIFormDataRequest.m; sourceTree = "<group>"; };
		E5E588DD1E8A415B0000BB63 /* ASIHTTPRequest.h */ = {isa = PBXFileReference; fileEncoding = 4; lastKnownFileType = sourcecode.c.h; path = ASIHTTPRequest.h; sourceTree = "<group>"; };
		E5E588DE1E8A415B0000BB63 /* ASIHTTPRequest.m */ = {isa = PBXFileReference; fileEncoding = 4; lastKnownFileType = sourcecode.c.objc; path = ASIHTTPRequest.m; sourceTree = "<group>"; };
		E5E588DF1E8A415B0000BB63 /* ASIHTTPRequestConfig.h */ = {isa = PBXFileReference; fileEncoding = 4; lastKnownFileType = sourcecode.c.h; path = ASIHTTPRequestConfig.h; sourceTree = "<group>"; };
		E5E588E01E8A415B0000BB63 /* ASIHTTPRequestDelegate.h */ = {isa = PBXFileReference; fileEncoding = 4; lastKnownFileType = sourcecode.c.h; path = ASIHTTPRequestDelegate.h; sourceTree = "<group>"; };
		E5E588E11E8A415B0000BB63 /* ASIInputStream.h */ = {isa = PBXFileReference; fileEncoding = 4; lastKnownFileType = sourcecode.c.h; path = ASIInputStream.h; sourceTree = "<group>"; };
		E5E588E21E8A415B0000BB63 /* ASIInputStream.m */ = {isa = PBXFileReference; fileEncoding = 4; lastKnownFileType = sourcecode.c.objc; path = ASIInputStream.m; sourceTree = "<group>"; };
		E5E588E31E8A415B0000BB63 /* ASINetworkQueue.h */ = {isa = PBXFileReference; fileEncoding = 4; lastKnownFileType = sourcecode.c.h; path = ASINetworkQueue.h; sourceTree = "<group>"; };
		E5E588E41E8A415B0000BB63 /* ASINetworkQueue.m */ = {isa = PBXFileReference; fileEncoding = 4; lastKnownFileType = sourcecode.c.objc; path = ASINetworkQueue.m; sourceTree = "<group>"; };
		E5E588E51E8A415B0000BB63 /* ASIProgressDelegate.h */ = {isa = PBXFileReference; fileEncoding = 4; lastKnownFileType = sourcecode.c.h; path = ASIProgressDelegate.h; sourceTree = "<group>"; };
		E5E588E61E8A415B0000BB63 /* FMDatabase.h */ = {isa = PBXFileReference; fileEncoding = 4; lastKnownFileType = sourcecode.c.h; path = FMDatabase.h; sourceTree = "<group>"; };
		E5E588E71E8A415B0000BB63 /* FMDatabase.m */ = {isa = PBXFileReference; fileEncoding = 4; lastKnownFileType = sourcecode.c.objc; path = FMDatabase.m; sourceTree = "<group>"; };
		E5E588E81E8A415B0000BB63 /* FMDatabaseAdditions.h */ = {isa = PBXFileReference; fileEncoding = 4; lastKnownFileType = sourcecode.c.h; path = FMDatabaseAdditions.h; sourceTree = "<group>"; };
		E5E588E91E8A415B0000BB63 /* FMDatabaseAdditions.m */ = {isa = PBXFileReference; fileEncoding = 4; lastKnownFileType = sourcecode.c.objc; path = FMDatabaseAdditions.m; sourceTree = "<group>"; };
		E5E588EA1E8A415B0000BB63 /* FMDatabasePool.h */ = {isa = PBXFileReference; fileEncoding = 4; lastKnownFileType = sourcecode.c.h; path = FMDatabasePool.h; sourceTree = "<group>"; };
		E5E588EB1E8A415B0000BB63 /* FMDatabasePool.m */ = {isa = PBXFileReference; fileEncoding = 4; lastKnownFileType = sourcecode.c.objc; path = FMDatabasePool.m; sourceTree = "<group>"; };
		E5E588EC1E8A415B0000BB63 /* FMDatabaseQueue.h */ = {isa = PBXFileReference; fileEncoding = 4; lastKnownFileType = sourcecode.c.h; path = FMDatabaseQueue.h; sourceTree = "<group>"; };
		E5E588ED1E8A415B0000BB63 /* FMDatabaseQueue.m */ = {isa = PBXFileReference; fileEncoding = 4; lastKnownFileType = sourcecode.c.objc; path = FMDatabaseQueue.m; sourceTree = "<group>"; };
		E5E588EE1E8A415B0000BB63 /* FMDB.h */ = {isa = PBXFileReference; fileEncoding = 4; lastKnownFileType = sourcecode.c.h; path = FMDB.h; sourceTree = "<group>"; };
		E5E588EF1E8A415B0000BB63 /* FMResultSet.h */ = {isa = PBXFileReference; fileEncoding = 4; lastKnownFileType = sourcecode.c.h; path = FMResultSet.h; sourceTree = "<group>"; };
		E5E588F01E8A415B0000BB63 /* FMResultSet.m */ = {isa = PBXFileReference; fileEncoding = 4; lastKnownFileType = sourcecode.c.objc; path = FMResultSet.m; sourceTree = "<group>"; };
		E5E588F11E8A415B0000BB63 /* Reachability.h */ = {isa = PBXFileReference; fileEncoding = 4; lastKnownFileType = sourcecode.c.h; path = Reachability.h; sourceTree = "<group>"; };
		E5E588F21E8A415B0000BB63 /* Reachability.m */ = {isa = PBXFileReference; fileEncoding = 4; lastKnownFileType = sourcecode.c.objc; path = Reachability.m; sourceTree = "<group>"; };
		E5E588F31E8A415B0000BB63 /* SBJSON.h */ = {isa = PBXFileReference; fileEncoding = 4; lastKnownFileType = sourcecode.c.h; path = SBJSON.h; sourceTree = "<group>"; };
		E5E588F41E8A415B0000BB63 /* SBJSON.m */ = {isa = PBXFileReference; fileEncoding = 4; lastKnownFileType = sourcecode.c.objc; path = SBJSON.m; sourceTree = "<group>"; };
		E5E588F51E8A415B0000BB63 /* SBJsonBase.h */ = {isa = PBXFileReference; fileEncoding = 4; lastKnownFileType = sourcecode.c.h; path = SBJsonBase.h; sourceTree = "<group>"; };
		E5E588F61E8A415B0000BB63 /* SBJsonBase.m */ = {isa = PBXFileReference; fileEncoding = 4; lastKnownFileType = sourcecode.c.objc; path = SBJsonBase.m; sourceTree = "<group>"; };
		E5E588F71E8A415B0000BB63 /* SBJsonParser.h */ = {isa = PBXFileReference; fileEncoding = 4; lastKnownFileType = sourcecode.c.h; path = SBJsonParser.h; sourceTree = "<group>"; };
		E5E588F81E8A415B0000BB63 /* SBJsonParser.m */ = {isa = PBXFileReference; fileEncoding = 4; lastKnownFileType = sourcecode.c.objc; path = SBJsonParser.m; sourceTree = "<group>"; };
		E5E588F91E8A415B0000BB63 /* SBJsonWriter.h */ = {isa = PBXFileReference; fileEncoding = 4; lastKnownFileType = sourcecode.c.h; path = SBJsonWriter.h; sourceTree = "<group>"; };
		E5E588FA1E8A415B0000BB63 /* SBJsonWriter.m */ = {isa = PBXFileReference; fileEncoding = 4; lastKnownFileType = sourcecode.c.objc; path = SBJsonWriter.m; sourceTree = "<group>"; };
		E5E5891F1E8A444C0000BB63 /* photoBtn@2x.png */ = {isa = PBXFileReference; lastKnownFileType = image.png; path = "photoBtn@2x.png"; sourceTree = "<group>"; };
		E5E589201E8A444C0000BB63 /* startBtn@2x.png */ = {isa = PBXFileReference; lastKnownFileType = image.png; path = "startBtn@2x.png"; sourceTree = "<group>"; };
		E5E589231E8A45240000BB63 /* BasicInfo_define.h */ = {isa = PBXFileReference; fileEncoding = 4; lastKnownFileType = sourcecode.c.h; path = BasicInfo_define.h; sourceTree = "<group>"; };
		E5E589241E8A45240000BB63 /* CacheUtil.h */ = {isa = PBXFileReference; fileEncoding = 4; lastKnownFileType = sourcecode.c.h; path = CacheUtil.h; sourceTree = "<group>"; };
		E5E589251E8A45240000BB63 /* CacheUtil.m */ = {isa = PBXFileReference; fileEncoding = 4; lastKnownFileType = sourcecode.c.objc; path = CacheUtil.m; sourceTree = "<group>"; };
		E5E589261E8A45240000BB63 /* CheckNetwork.h */ = {isa = PBXFileReference; fileEncoding = 4; lastKnownFileType = sourcecode.c.h; path = CheckNetwork.h; sourceTree = "<group>"; };
		E5E589271E8A45240000BB63 /* CheckNetwork.m */ = {isa = PBXFileReference; fileEncoding = 4; lastKnownFileType = sourcecode.c.objc; path = CheckNetwork.m; sourceTree = "<group>"; };
		E5E589281E8A45240000BB63 /* CheckVersion.h */ = {isa = PBXFileReference; fileEncoding = 4; lastKnownFileType = sourcecode.c.h; path = CheckVersion.h; sourceTree = "<group>"; };
		E5E589291E8A45240000BB63 /* CheckVersion.m */ = {isa = PBXFileReference; fileEncoding = 4; lastKnownFileType = sourcecode.c.objc; path = CheckVersion.m; sourceTree = "<group>"; };
		E5E5892A1E8A45240000BB63 /* Common_param.h */ = {isa = PBXFileReference; fileEncoding = 4; lastKnownFileType = sourcecode.c.h; path = Common_param.h; sourceTree = "<group>"; };
		E5E5892B1E8A45240000BB63 /* Common_param.m */ = {isa = PBXFileReference; fileEncoding = 4; lastKnownFileType = sourcecode.c.objc; path = Common_param.m; sourceTree = "<group>"; };
		E5E5892C1E8A45240000BB63 /* CommonFunctions.h */ = {isa = PBXFileReference; fileEncoding = 4; lastKnownFileType = sourcecode.c.h; path = CommonFunctions.h; sourceTree = "<group>"; };
		E5E5892D1E8A45240000BB63 /* CommonFunctions.m */ = {isa = PBXFileReference; fileEncoding = 4; lastKnownFileType = sourcecode.c.objc; path = CommonFunctions.m; sourceTree = "<group>"; };
		E5E5892E1E8A45240000BB63 /* Commont_Utils.h */ = {isa = PBXFileReference; fileEncoding = 4; lastKnownFileType = sourcecode.c.h; path = Commont_Utils.h; sourceTree = "<group>"; };
		E5E5892F1E8A45240000BB63 /* Commont_Utils.m */ = {isa = PBXFileReference; fileEncoding = 4; lastKnownFileType = sourcecode.c.objc; path = Commont_Utils.m; sourceTree = "<group>"; };
		E5E589301E8A45240000BB63 /* FanModel.h */ = {isa = PBXFileReference; fileEncoding = 4; lastKnownFileType = sourcecode.c.h; path = FanModel.h; sourceTree = "<group>"; };
		E5E589311E8A45240000BB63 /* FanModel.m */ = {isa = PBXFileReference; fileEncoding = 4; lastKnownFileType = sourcecode.c.objc; path = FanModel.m; sourceTree = "<group>"; };
		E5E589321E8A45240000BB63 /* ItemCacheModel.h */ = {isa = PBXFileReference; fileEncoding = 4; lastKnownFileType = sourcecode.c.h; path = ItemCacheModel.h; sourceTree = "<group>"; };
		E5E589331E8A45240000BB63 /* ItemCacheModel.m */ = {isa = PBXFileReference; fileEncoding = 4; lastKnownFileType = sourcecode.c.objc; path = ItemCacheModel.m; sourceTree = "<group>"; };
		E5E589341E8A45240000BB63 /* NSString+urlEncode.h */ = {isa = PBXFileReference; fileEncoding = 4; lastKnownFileType = sourcecode.c.h; path = "NSString+urlEncode.h"; sourceTree = "<group>"; };
		E5E589351E8A45240000BB63 /* NSString+urlEncode.m */ = {isa = PBXFileReference; fileEncoding = 4; lastKnownFileType = sourcecode.c.objc; path = "NSString+urlEncode.m"; sourceTree = "<group>"; };
		E5E589361E8A45240000BB63 /* openUDID.h */ = {isa = PBXFileReference; fileEncoding = 4; lastKnownFileType = sourcecode.c.h; path = openUDID.h; sourceTree = "<group>"; };
		E5E589371E8A45240000BB63 /* openUDID.m */ = {isa = PBXFileReference; fileEncoding = 4; lastKnownFileType = sourcecode.c.objc; path = openUDID.m; sourceTree = "<group>"; };
		E5E589381E8A45240000BB63 /* StarCacheModel.h */ = {isa = PBXFileReference; fileEncoding = 4; lastKnownFileType = sourcecode.c.h; path = StarCacheModel.h; sourceTree = "<group>"; };
		E5E589391E8A45240000BB63 /* StarCacheModel.m */ = {isa = PBXFileReference; fileEncoding = 4; lastKnownFileType = sourcecode.c.objc; path = StarCacheModel.m; sourceTree = "<group>"; };
		E5E5893A1E8A45240000BB63 /* TapTabBarItemView.h */ = {isa = PBXFileReference; fileEncoding = 4; lastKnownFileType = sourcecode.c.h; path = TapTabBarItemView.h; sourceTree = "<group>"; };
		E5E5893B1E8A45240000BB63 /* TapTabBarItemView.m */ = {isa = PBXFileReference; fileEncoding = 4; lastKnownFileType = sourcecode.c.objc; path = TapTabBarItemView.m; sourceTree = "<group>"; };
		E5E5893C1E8A45240000BB63 /* UserInfoCacheModel.h */ = {isa = PBXFileReference; fileEncoding = 4; lastKnownFileType = sourcecode.c.h; path = UserInfoCacheModel.h; sourceTree = "<group>"; };
		E5E5893D1E8A45240000BB63 /* UserInfoCacheModel.m */ = {isa = PBXFileReference; fileEncoding = 4; lastKnownFileType = sourcecode.c.objc; path = UserInfoCacheModel.m; sourceTree = "<group>"; };
		E5E5893E1E8A45240000BB63 /* UserModel.h */ = {isa = PBXFileReference; fileEncoding = 4; lastKnownFileType = sourcecode.c.h; path = UserModel.h; sourceTree = "<group>"; };
		E5E5893F1E8A45240000BB63 /* UserModel.m */ = {isa = PBXFileReference; fileEncoding = 4; lastKnownFileType = sourcecode.c.objc; path = UserModel.m; sourceTree = "<group>"; };
/* End PBXFileReference section */

/* Begin PBXFrameworksBuildPhase section */
		E51E49171E89D8CE00A773B7 /* Frameworks */ = {
			isa = PBXFrameworksBuildPhase;
			buildActionMask = 2147483647;
			files = (
				E52D63C01E8A22CE00BDCA6C /* Foundation.framework in Frameworks */,
				E52D63BE1E8A22C500BDCA6C /* UIKit.framework in Frameworks */,
				E52D63BC1E8A22BD00BDCA6C /* libz.1.2.5.tbd in Frameworks */,
				E52D63BA1E8A22B500BDCA6C /* QuartzCore.framework in Frameworks */,
				E52D63B81E8A22A600BDCA6C /* CoreGraphics.framework in Frameworks */,
				E52D63B61E8A229500BDCA6C /* MobileCoreServices.framework in Frameworks */,
				E52D63B41E8A228200BDCA6C /* SystemConfiguration.framework in Frameworks */,
				E52D63B21E8A227400BDCA6C /* CFNetwork.framework in Frameworks */,
				E52D63B01E8A226B00BDCA6C /* libsqlite3.tbd in Frameworks */,
			);
			runOnlyForDeploymentPostprocessing = 0;
		};
		E51E49301E89D8CE00A773B7 /* Frameworks */ = {
			isa = PBXFrameworksBuildPhase;
			buildActionMask = 2147483647;
			files = (
			);
			runOnlyForDeploymentPostprocessing = 0;
		};
		E51E493B1E89D8CE00A773B7 /* Frameworks */ = {
			isa = PBXFrameworksBuildPhase;
			buildActionMask = 2147483647;
			files = (
			);
			runOnlyForDeploymentPostprocessing = 0;
		};
/* End PBXFrameworksBuildPhase section */

/* Begin PBXGroup section */
		E51E49111E89D8CE00A773B7 = {
			isa = PBXGroup;
			children = (
				E5E5891F1E8A444C0000BB63 /* photoBtn@2x.png */,
				E5E589201E8A444C0000BB63 /* startBtn@2x.png */,
				E52D63491E8A212E00BDCA6C /* ThirdParty */,
				E51E491C1E89D8CE00A773B7 /* NewRecorder */,
				E52D63AE1E8A226B00BDCA6C /* Frameworks */,
				E5E5889F1E8A3CE80000BB63 /* NewRecorder.app */,
			);
			sourceTree = "<group>";
		};
		E51E491C1E89D8CE00A773B7 /* NewRecorder */ = {
			isa = PBXGroup;
			children = (
				E51E49201E89D8CE00A773B7 /* AppDelegate.h */,
				E51E49211E89D8CE00A773B7 /* AppDelegate.m */,
				E51E49231E89D8CE00A773B7 /* ViewController.h */,
				E51E49241E89D8CE00A773B7 /* ViewController.m */,
				E51E49261E89D8CE00A773B7 /* Main.storyboard */,
				E51E49291E89D8CE00A773B7 /* Assets.xcassets */,
				E51E492B1E89D8CE00A773B7 /* LaunchScreen.storyboard */,
				E51E492E1E89D8CE00A773B7 /* Info.plist */,
				E51E491D1E89D8CE00A773B7 /* Supporting Files */,
			);
			path = NewRecorder;
			sourceTree = "<group>";
		};
		E51E491D1E89D8CE00A773B7 /* Supporting Files */ = {
			isa = PBXGroup;
			children = (
				E51E491E1E89D8CE00A773B7 /* main.m */,
			);
			name = "Supporting Files";
			sourceTree = "<group>";
		};
		E52D63491E8A212E00BDCA6C /* ThirdParty */ = {
			isa = PBXGroup;
			children = (
				E5E589231E8A45240000BB63 /* BasicInfo_define.h */,
				E5E589241E8A45240000BB63 /* CacheUtil.h */,
				E5E589251E8A45240000BB63 /* CacheUtil.m */,
				E5E589261E8A45240000BB63 /* CheckNetwork.h */,
				E5E589271E8A45240000BB63 /* CheckNetwork.m */,
				E5E589281E8A45240000BB63 /* CheckVersion.h */,
				E5E589291E8A45240000BB63 /* CheckVersion.m */,
				E5E5892A1E8A45240000BB63 /* Common_param.h */,
				E5E5892B1E8A45240000BB63 /* Common_param.m */,
				E5E5892C1E8A45240000BB63 /* CommonFunctions.h */,
				E5E5892D1E8A45240000BB63 /* CommonFunctions.m */,
				E5E5892E1E8A45240000BB63 /* Commont_Utils.h */,
				E5E5892F1E8A45240000BB63 /* Commont_Utils.m */,
				E5E589301E8A45240000BB63 /* FanModel.h */,
				E5E589311E8A45240000BB63 /* FanModel.m */,
				E5E589321E8A45240000BB63 /* ItemCacheModel.h */,
				E5E589331E8A45240000BB63 /* ItemCacheModel.m */,
				E5E589341E8A45240000BB63 /* NSString+urlEncode.h */,
				E5E589351E8A45240000BB63 /* NSString+urlEncode.m */,
				E5E589361E8A45240000BB63 /* openUDID.h */,
				E5E589371E8A45240000BB63 /* openUDID.m */,
				E5E589381E8A45240000BB63 /* StarCacheModel.h */,
				E5E589391E8A45240000BB63 /* StarCacheModel.m */,
				E5E5893A1E8A45240000BB63 /* TapTabBarItemView.h */,
				E5E5893B1E8A45240000BB63 /* TapTabBarItemView.m */,
				E5E5893C1E8A45240000BB63 /* UserInfoCacheModel.h */,
				E5E5893D1E8A45240000BB63 /* UserInfoCacheModel.m */,
				E5E5893E1E8A45240000BB63 /* UserModel.h */,
				E5E5893F1E8A45240000BB63 /* UserModel.m */,
				E5E588D21E8A415B0000BB63 /* ASIAuthenticationDialog.h */,
				E5E588D31E8A415B0000BB63 /* ASIAuthenticationDialog.m */,
				E5E588D41E8A415B0000BB63 /* ASICacheDelegate.h */,
				E5E588D51E8A415B0000BB63 /* ASIDataCompressor.h */,
				E5E588D61E8A415B0000BB63 /* ASIDataCompressor.m */,
				E5E588D71E8A415B0000BB63 /* ASIDataDecompressor.h */,
				E5E588D81E8A415B0000BB63 /* ASIDataDecompressor.m */,
				E5E588D91E8A415B0000BB63 /* ASIDownloadCache.h */,
				E5E588DA1E8A415B0000BB63 /* ASIDownloadCache.m */,
				E5E588DB1E8A415B0000BB63 /* ASIFormDataRequest.h */,
				E5E588DC1E8A415B0000BB63 /* ASIFormDataRequest.m */,
				E5E588DD1E8A415B0000BB63 /* ASIHTTPRequest.h */,
				E5E588DE1E8A415B0000BB63 /* ASIHTTPRequest.m */,
				E5E588DF1E8A415B0000BB63 /* ASIHTTPRequestConfig.h */,
				E5E588E01E8A415B0000BB63 /* ASIHTTPRequestDelegate.h */,
				E5E588E11E8A415B0000BB63 /* ASIInputStream.h */,
				E5E588E21E8A415B0000BB63 /* ASIInputStream.m */,
				E5E588E31E8A415B0000BB63 /* ASINetworkQueue.h */,
				E5E588E41E8A415B0000BB63 /* ASINetworkQueue.m */,
				E5E588E51E8A415B0000BB63 /* ASIProgressDelegate.h */,
				E5E588E61E8A415B0000BB63 /* FMDatabase.h */,
				E5E588E71E8A415B0000BB63 /* FMDatabase.m */,
				E5E588E81E8A415B0000BB63 /* FMDatabaseAdditions.h */,
				E5E588E91E8A415B0000BB63 /* FMDatabaseAdditions.m */,
				E5E588EA1E8A415B0000BB63 /* FMDatabasePool.h */,
				E5E588EB1E8A415B0000BB63 /* FMDatabasePool.m */,
				E5E588EC1E8A415B0000BB63 /* FMDatabaseQueue.h */,
				E5E588ED1E8A415B0000BB63 /* FMDatabaseQueue.m */,
				E5E588EE1E8A415B0000BB63 /* FMDB.h */,
				E5E588EF1E8A415B0000BB63 /* FMResultSet.h */,
				E5E588F01E8A415B0000BB63 /* FMResultSet.m */,
				E5E588F11E8A415B0000BB63 /* Reachability.h */,
				E5E588F21E8A415B0000BB63 /* Reachability.m */,
				E5E588F31E8A415B0000BB63 /* SBJSON.h */,
				E5E588F41E8A415B0000BB63 /* SBJSON.m */,
				E5E588F51E8A415B0000BB63 /* SBJsonBase.h */,
				E5E588F61E8A415B0000BB63 /* SBJsonBase.m */,
				E5E588F71E8A415B0000BB63 /* SBJsonParser.h */,
				E5E588F81E8A415B0000BB63 /* SBJsonParser.m */,
				E5E588F91E8A415B0000BB63 /* SBJsonWriter.h */,
				E5E588FA1E8A415B0000BB63 /* SBJsonWriter.m */,
			);
			path = ThirdParty;
			sourceTree = "<group>";
		};
		E52D63AE1E8A226B00BDCA6C /* Frameworks */ = {
			isa = PBXGroup;
			children = (
				E52D63BF1E8A22CE00BDCA6C /* Foundation.framework */,
				E52D63BD1E8A22C500BDCA6C /* UIKit.framework */,
				E52D63BB1E8A22BD00BDCA6C /* libz.1.2.5.tbd */,
				E52D63B91E8A22B500BDCA6C /* QuartzCore.framework */,
				E52D63B71E8A22A600BDCA6C /* CoreGraphics.framework */,
				E52D63B51E8A229500BDCA6C /* MobileCoreServices.framework */,
				E52D63B31E8A228200BDCA6C /* SystemConfiguration.framework */,
				E52D63B11E8A227400BDCA6C /* CFNetwork.framework */,
				E52D63AF1E8A226B00BDCA6C /* libsqlite3.tbd */,
			);
			name = Frameworks;
			sourceTree = "<group>";
		};
/* End PBXGroup section */

/* Begin PBXNativeTarget section */
		E51E49191E89D8CE00A773B7 /* NewRecorder */ = {
			isa = PBXNativeTarget;
			buildConfigurationList = E51E49471E89D8CE00A773B7 /* Build configuration list for PBXNativeTarget "NewRecorder" */;
			buildPhases = (
				E51E49161E89D8CE00A773B7 /* Sources */,
				E51E49171E89D8CE00A773B7 /* Frameworks */,
				E51E49181E89D8CE00A773B7 /* Resources */,
			);
			buildRules = (
			);
			dependencies = (
			);
			name = NewRecorder;
			productName = NewRecorder;
			productReference = E5E5889F1E8A3CE80000BB63 /* NewRecorder.app */;
			productType = "com.apple.product-type.application";
		};
		E51E49321E89D8CE00A773B7 /* NewRecorderTests */ = {
			isa = PBXNativeTarget;
			buildConfigurationList = E51E494A1E89D8CE00A773B7 /* Build configuration list for PBXNativeTarget "NewRecorderTests" */;
			buildPhases = (
				E51E492F1E89D8CE00A773B7 /* Sources */,
				E51E49301E89D8CE00A773B7 /* Frameworks */,
				E51E49311E89D8CE00A773B7 /* Resources */,
			);
			buildRules = (
			);
			dependencies = (
				E51E49351E89D8CE00A773B7 /* PBXTargetDependency */,
			);
			name = NewRecorderTests;
			productName = NewRecorderTests;
			productType = "com.apple.product-type.bundle.unit-test";
		};
		E51E493D1E89D8CE00A773B7 /* NewRecorderUITests */ = {
			isa = PBXNativeTarget;
			buildConfigurationList = E51E494D1E89D8CE00A773B7 /* Build configuration list for PBXNativeTarget "NewRecorderUITests" */;
			buildPhases = (
				E51E493A1E89D8CE00A773B7 /* Sources */,
				E51E493B1E89D8CE00A773B7 /* Frameworks */,
				E51E493C1E89D8CE00A773B7 /* Resources */,
			);
			buildRules = (
			);
			dependencies = (
				E51E49401E89D8CE00A773B7 /* PBXTargetDependency */,
			);
			name = NewRecorderUITests;
			productName = NewRecorderUITests;
			productType = "com.apple.product-type.bundle.ui-testing";
		};
/* End PBXNativeTarget section */

/* Begin PBXProject section */
		E51E49121E89D8CE00A773B7 /* Project object */ = {
			isa = PBXProject;
			attributes = {
				LastUpgradeCheck = 0830;
				ORGANIZATIONNAME = Tiger;
				TargetAttributes = {
					E51E49191E89D8CE00A773B7 = {
						CreatedOnToolsVersion = 8.3;
						DevelopmentTeam = DVP75478EK;
						ProvisioningStyle = Automatic;
					};
					E51E49321E89D8CE00A773B7 = {
						CreatedOnToolsVersion = 8.3;
						DevelopmentTeam = DVP75478EK;
						ProvisioningStyle = Automatic;
						TestTargetID = E51E49191E89D8CE00A773B7;
					};
					E51E493D1E89D8CE00A773B7 = {
						CreatedOnToolsVersion = 8.3;
						DevelopmentTeam = DVP75478EK;
						ProvisioningStyle = Automatic;
						TestTargetID = E51E49191E89D8CE00A773B7;
					};
				};
			};
			buildConfigurationList = E51E49151E89D8CE00A773B7 /* Build configuration list for PBXProject "NewRecorder" */;
			compatibilityVersion = "Xcode 3.2";
			developmentRegion = English;
			hasScannedForEncodings = 0;
			knownRegions = (
				en,
				Base,
			);
			mainGroup = E51E49111E89D8CE00A773B7;
			productRefGroup = E51E49111E89D8CE00A773B7;
			projectDirPath = "";
			projectRoot = "";
			targets = (
				E51E49191E89D8CE00A773B7 /* NewRecorder */,
				E51E49321E89D8CE00A773B7 /* NewRecorderTests */,
				E51E493D1E89D8CE00A773B7 /* NewRecorderUITests */,
			);
		};
/* End PBXProject section */

/* Begin PBXResourcesBuildPhase section */
		E51E49181E89D8CE00A773B7 /* Resources */ = {
			isa = PBXResourcesBuildPhase;
			buildActionMask = 2147483647;
			files = (
				E51E492D1E89D8CE00A773B7 /* LaunchScreen.storyboard in Resources */,
				E51E492A1E89D8CE00A773B7 /* Assets.xcassets in Resources */,
				E5E589221E8A444C0000BB63 /* startBtn@2x.png in Resources */,
				E5E589211E8A444C0000BB63 /* photoBtn@2x.png in Resources */,
				E51E49281E89D8CE00A773B7 /* Main.storyboard in Resources */,
			);
			runOnlyForDeploymentPostprocessing = 0;
		};
		E51E49311E89D8CE00A773B7 /* Resources */ = {
			isa = PBXResourcesBuildPhase;
			buildActionMask = 2147483647;
			files = (
			);
			runOnlyForDeploymentPostprocessing = 0;
		};
		E51E493C1E89D8CE00A773B7 /* Resources */ = {
			isa = PBXResourcesBuildPhase;
			buildActionMask = 2147483647;
			files = (
			);
			runOnlyForDeploymentPostprocessing = 0;
		};
/* End PBXResourcesBuildPhase section */

/* Begin PBXSourcesBuildPhase section */
		E51E49161E89D8CE00A773B7 /* Sources */ = {
			isa = PBXSourcesBuildPhase;
			buildActionMask = 2147483647;
			files = (
				E51E49251E89D8CE00A773B7 /* ViewController.m in Sources */,
				E5E5890A1E8A415B0000BB63 /* SBJsonBase.m in Sources */,
				E5E588FF1E8A415B0000BB63 /* ASIFormDataRequest.m in Sources */,
				E5E589411E8A45240000BB63 /* CheckNetwork.m in Sources */,
				E51E49221E89D8CE00A773B7 /* AppDelegate.m in Sources */,
				E5E5894C1E8A45240000BB63 /* UserInfoCacheModel.m in Sources */,
				E5E589431E8A45240000BB63 /* Common_param.m in Sources */,
				E5E589451E8A45240000BB63 /* Commont_Utils.m in Sources */,
				E5E589471E8A45240000BB63 /* ItemCacheModel.m in Sources */,
				E5E5894B1E8A45240000BB63 /* TapTabBarItemView.m in Sources */,
				E5E589461E8A45240000BB63 /* FanModel.m in Sources */,
				E5E589481E8A45240000BB63 /* NSString+urlEncode.m in Sources */,
				E5E5894A1E8A45240000BB63 /* StarCacheModel.m in Sources */,
				E5E589051E8A415B0000BB63 /* FMDatabasePool.m in Sources */,
				E5E589061E8A415B0000BB63 /* FMDatabaseQueue.m in Sources */,
				E5E589401E8A45240000BB63 /* CacheUtil.m in Sources */,
				E5E5894D1E8A45240000BB63 /* UserModel.m in Sources */,
				E51E491F1E89D8CE00A773B7 /* main.m in Sources */,
				E5E589491E8A45240000BB63 /* openUDID.m in Sources */,
				E5E589071E8A415B0000BB63 /* FMResultSet.m in Sources */,
				E5E5890C1E8A415B0000BB63 /* SBJsonWriter.m in Sources */,
				E5E589021E8A415B0000BB63 /* ASINetworkQueue.m in Sources */,
				E5E589031E8A415B0000BB63 /* FMDatabase.m in Sources */,
				E5E589441E8A45240000BB63 /* CommonFunctions.m in Sources */,
				E5E589011E8A415B0000BB63 /* ASIInputStream.m in Sources */,
				E5E588FC1E8A415B0000BB63 /* ASIDataCompressor.m in Sources */,
				E5E588FD1E8A415B0000BB63 /* ASIDataDecompressor.m in Sources */,
				E5E589091E8A415B0000BB63 /* SBJSON.m in Sources */,
				E5E589041E8A415B0000BB63 /* FMDatabaseAdditions.m in Sources */,
				E5E589001E8A415B0000BB63 /* ASIHTTPRequest.m in Sources */,
				E5E5890B1E8A415B0000BB63 /* SBJsonParser.m in Sources */,
				E5E589081E8A415B0000BB63 /* Reachability.m in Sources */,
				E5E589421E8A45240000BB63 /* CheckVersion.m in Sources */,
				E5E588FB1E8A415B0000BB63 /* ASIAuthenticationDialog.m in Sources */,
				E5E588FE1E8A415B0000BB63 /* ASIDownloadCache.m in Sources */,
			);
			runOnlyForDeploymentPostprocessing = 0;
		};
		E51E492F1E89D8CE00A773B7 /* Sources */ = {
			isa = PBXSourcesBuildPhase;
			buildActionMask = 2147483647;
			files = (
			);
			runOnlyForDeploymentPostprocessing = 0;
		};
		E51E493A1E89D8CE00A773B7 /* Sources */ = {
			isa = PBXSourcesBuildPhase;
			buildActionMask = 2147483647;
			files = (
			);
			runOnlyForDeploymentPostprocessing = 0;
		};
/* End PBXSourcesBuildPhase section */

/* Begin PBXTargetDependency section */
		E51E49351E89D8CE00A773B7 /* PBXTargetDependency */ = {
			isa = PBXTargetDependency;
			target = E51E49191E89D8CE00A773B7 /* NewRecorder */;
			targetProxy = E51E49341E89D8CE00A773B7 /* PBXContainerItemProxy */;
		};
		E51E49401E89D8CE00A773B7 /* PBXTargetDependency */ = {
			isa = PBXTargetDependency;
			target = E51E49191E89D8CE00A773B7 /* NewRecorder */;
			targetProxy = E51E493F1E89D8CE00A773B7 /* PBXContainerItemProxy */;
		};
/* End PBXTargetDependency section */

/* Begin PBXVariantGroup section */
		E51E49261E89D8CE00A773B7 /* Main.storyboard */ = {
			isa = PBXVariantGroup;
			children = (
				E51E49271E89D8CE00A773B7 /* Base */,
			);
			name = Main.storyboard;
			sourceTree = "<group>";
		};
		E51E492B1E89D8CE00A773B7 /* LaunchScreen.storyboard */ = {
			isa = PBXVariantGroup;
			children = (
				E51E492C1E89D8CE00A773B7 /* Base */,
			);
			name = LaunchScreen.storyboard;
			sourceTree = "<group>";
		};
/* End PBXVariantGroup section */

/* Begin XCBuildConfiguration section */
		E51E49451E89D8CE00A773B7 /* Debug */ = {
			isa = XCBuildConfiguration;
			buildSettings = {
				ALWAYS_SEARCH_USER_PATHS = NO;
				CLANG_ANALYZER_NONNULL = YES;
				CLANG_ANALYZER_NUMBER_OBJECT_CONVERSION = YES_AGGRESSIVE;
				CLANG_CXX_LANGUAGE_STANDARD = "gnu++0x";
				CLANG_CXX_LIBRARY = "libc++";
				CLANG_ENABLE_MODULES = YES;
				CLANG_ENABLE_OBJC_ARC = YES;
				CLANG_WARN_BOOL_CONVERSION = YES;
				CLANG_WARN_CONSTANT_CONVERSION = YES;
				CLANG_WARN_DIRECT_OBJC_ISA_USAGE = YES_ERROR;
				CLANG_WARN_DOCUMENTATION_COMMENTS = YES;
				CLANG_WARN_EMPTY_BODY = YES;
				CLANG_WARN_ENUM_CONVERSION = YES;
				CLANG_WARN_INFINITE_RECURSION = YES;
				CLANG_WARN_INT_CONVERSION = YES;
				CLANG_WARN_OBJC_ROOT_CLASS = YES_ERROR;
				CLANG_WARN_SUSPICIOUS_MOVE = YES;
				CLANG_WARN_UNREACHABLE_CODE = YES;
				CLANG_WARN__DUPLICATE_METHOD_MATCH = YES;
				"CODE_SIGN_IDENTITY[sdk=iphoneos*]" = "iPhone Developer";
				COPY_PHASE_STRIP = NO;
				DEBUG_INFORMATION_FORMAT = dwarf;
				ENABLE_STRICT_OBJC_MSGSEND = YES;
				ENABLE_TESTABILITY = YES;
				GCC_C_LANGUAGE_STANDARD = gnu99;
				GCC_DYNAMIC_NO_PIC = NO;
				GCC_NO_COMMON_BLOCKS = YES;
				GCC_OPTIMIZATION_LEVEL = 0;
				GCC_PREPROCESSOR_DEFINITIONS = (
					"DEBUG=1",
					"$(inherited)",
				);
				GCC_WARN_64_TO_32_BIT_CONVERSION = YES;
				GCC_WARN_ABOUT_RETURN_TYPE = YES_ERROR;
				GCC_WARN_UNDECLARED_SELECTOR = YES;
				GCC_WARN_UNINITIALIZED_AUTOS = YES_AGGRESSIVE;
				GCC_WARN_UNUSED_FUNCTION = YES;
				GCC_WARN_UNUSED_VARIABLE = YES;
				IPHONEOS_DEPLOYMENT_TARGET = 10.3;
				MTL_ENABLE_DEBUG_INFO = YES;
				ONLY_ACTIVE_ARCH = YES;
				SDKROOT = iphoneos;
			};
			name = Debug;
		};
		E51E49461E89D8CE00A773B7 /* Release */ = {
			isa = XCBuildConfiguration;
			buildSettings = {
				ALWAYS_SEARCH_USER_PATHS = NO;
				CLANG_ANALYZER_NONNULL = YES;
				CLANG_ANALYZER_NUMBER_OBJECT_CONVERSION = YES_AGGRESSIVE;
				CLANG_CXX_LANGUAGE_STANDARD = "gnu++0x";
				CLANG_CXX_LIBRARY = "libc++";
				CLANG_ENABLE_MODULES = YES;
				CLANG_ENABLE_OBJC_ARC = YES;
				CLANG_WARN_BOOL_CONVERSION = YES;
				CLANG_WARN_CONSTANT_CONVERSION = YES;
				CLANG_WARN_DIRECT_OBJC_ISA_USAGE = YES_ERROR;
				CLANG_WARN_DOCUMENTATION_COMMENTS = YES;
				CLANG_WARN_EMPTY_BODY = YES;
				CLANG_WARN_ENUM_CONVERSION = YES;
				CLANG_WARN_INFINITE_RECURSION = YES;
				CLANG_WARN_INT_CONVERSION = YES;
				CLANG_WARN_OBJC_ROOT_CLASS = YES_ERROR;
				CLANG_WARN_SUSPICIOUS_MOVE = YES;
				CLANG_WARN_UNREACHABLE_CODE = YES;
				CLANG_WARN__DUPLICATE_METHOD_MATCH = YES;
				"CODE_SIGN_IDENTITY[sdk=iphoneos*]" = "iPhone Developer";
				COPY_PHASE_STRIP = NO;
				DEBUG_INFORMATION_FORMAT = "dwarf-with-dsym";
				ENABLE_NS_ASSERTIONS = NO;
				ENABLE_STRICT_OBJC_MSGSEND = YES;
				GCC_C_LANGUAGE_STANDARD = gnu99;
				GCC_NO_COMMON_BLOCKS = YES;
				GCC_WARN_64_TO_32_BIT_CONVERSION = YES;
				GCC_WARN_ABOUT_RETURN_TYPE = YES_ERROR;
				GCC_WARN_UNDECLARED_SELECTOR = YES;
				GCC_WARN_UNINITIALIZED_AUTOS = YES_AGGRESSIVE;
				GCC_WARN_UNUSED_FUNCTION = YES;
				GCC_WARN_UNUSED_VARIABLE = YES;
				IPHONEOS_DEPLOYMENT_TARGET = 10.3;
				MTL_ENABLE_DEBUG_INFO = NO;
				SDKROOT = iphoneos;
				VALIDATE_PRODUCT = YES;
			};
			name = Release;
		};
		E51E49481E89D8CE00A773B7 /* Debug */ = {
			isa = XCBuildConfiguration;
			buildSettings = {
				ASSETCATALOG_COMPILER_APPICON_NAME = AppIcon;
				DEVELOPMENT_TEAM = DVP75478EK;
				INFOPLIST_FILE = NewRecorder/Info.plist;
				IPHONEOS_DEPLOYMENT_TARGET = 8.0;
				LD_RUNPATH_SEARCH_PATHS = "$(inherited) @executable_path/Frameworks";
				PRODUCT_BUNDLE_IDENTIFIER = tiger.NewRecorder;
				PRODUCT_NAME = "$(TARGET_NAME)";
			};
			name = Debug;
		};
		E51E49491E89D8CE00A773B7 /* Release */ = {
			isa = XCBuildConfiguration;
			buildSettings = {
				ASSETCATALOG_COMPILER_APPICON_NAME = AppIcon;
				DEVELOPMENT_TEAM = DVP75478EK;
				INFOPLIST_FILE = NewRecorder/Info.plist;
				IPHONEOS_DEPLOYMENT_TARGET = 8.0;
				LD_RUNPATH_SEARCH_PATHS = "$(inherited) @executable_path/Frameworks";
				PRODUCT_BUNDLE_IDENTIFIER = tiger.NewRecorder;
				PRODUCT_NAME = "$(TARGET_NAME)";
			};
			name = Release;
		};
		E51E494B1E89D8CE00A773B7 /* Debug */ = {
			isa = XCBuildConfiguration;
			buildSettings = {
				BUNDLE_LOADER = "$(TEST_HOST)";
				DEVELOPMENT_TEAM = DVP75478EK;
				INFOPLIST_FILE = NewRecorderTests/Info.plist;
				LD_RUNPATH_SEARCH_PATHS = "$(inherited) @executable_path/Frameworks @loader_path/Frameworks";
				PRODUCT_BUNDLE_IDENTIFIER = tiger.NewRecorderTests;
				PRODUCT_NAME = "$(TARGET_NAME)";
				TEST_HOST = "$(BUILT_PRODUCTS_DIR)/NewRecorder.app/NewRecorder";
			};
			name = Debug;
		};
		E51E494C1E89D8CE00A773B7 /* Release */ = {
			isa = XCBuildConfiguration;
			buildSettings = {
				BUNDLE_LOADER = "$(TEST_HOST)";
				DEVELOPMENT_TEAM = DVP75478EK;
				INFOPLIST_FILE = NewRecorderTests/Info.plist;
				LD_RUNPATH_SEARCH_PATHS = "$(inherited) @executable_path/Frameworks @loader_path/Frameworks";
				PRODUCT_BUNDLE_IDENTIFIER = tiger.NewRecorderTests;
				PRODUCT_NAME = "$(TARGET_NAME)";
				TEST_HOST = "$(BUILT_PRODUCTS_DIR)/NewRecorder.app/NewRecorder";
			};
			name = Release;
		};
		E51E494E1E89D8CE00A773B7 /* Debug */ = {
			isa = XCBuildConfiguration;
			buildSettings = {
				DEVELOPMENT_TEAM = DVP75478EK;
				INFOPLIST_FILE = NewRecorderUITests/Info.plist;
				LD_RUNPATH_SEARCH_PATHS = "$(inherited) @executable_path/Frameworks @loader_path/Frameworks";
				PRODUCT_BUNDLE_IDENTIFIER = tiger.NewRecorderUITests;
				PRODUCT_NAME = "$(TARGET_NAME)";
				TEST_TARGET_NAME = NewRecorder;
			};
			name = Debug;
		};
		E51E494F1E89D8CE00A773B7 /* Release */ = {
			isa = XCBuildConfiguration;
			buildSettings = {
				DEVELOPMENT_TEAM = DVP75478EK;
				INFOPLIST_FILE = NewRecorderUITests/Info.plist;
				LD_RUNPATH_SEARCH_PATHS = "$(inherited) @executable_path/Frameworks @loader_path/Frameworks";
				PRODUCT_BUNDLE_IDENTIFIER = tiger.NewRecorderUITests;
				PRODUCT_NAME = "$(TARGET_NAME)";
				TEST_TARGET_NAME = NewRecorder;
			};
			name = Release;
		};
/* End XCBuildConfiguration section */

/* Begin XCConfigurationList section */
		E51E49151E89D8CE00A773B7 /* Build configuration list for PBXProject "NewRecorder" */ = {
			isa = XCConfigurationList;
			buildConfigurations = (
				E51E49451E89D8CE00A773B7 /* Debug */,
				E51E49461E89D8CE00A773B7 /* Release */,
			);
			defaultConfigurationIsVisible = 0;
			defaultConfigurationName = Release;
		};
		E51E49471E89D8CE00A773B7 /* Build configuration list for PBXNativeTarget "NewRecorder" */ = {
			isa = XCConfigurationList;
			buildConfigurations = (
				E51E49481E89D8CE00A773B7 /* Debug */,
				E51E49491E89D8CE00A773B7 /* Release */,
			);
			defaultConfigurationIsVisible = 0;
			defaultConfigurationName = Release;
		};
		E51E494A1E89D8CE00A773B7 /* Build configuration list for PBXNativeTarget "NewRecorderTests" */ = {
			isa = XCConfigurationList;
			buildConfigurations = (
				E51E494B1E89D8CE00A773B7 /* Debug */,
				E51E494C1E89D8CE00A773B7 /* Release */,
			);
			defaultConfigurationIsVisible = 0;
			defaultConfigurationName = Release;
		};
		E51E494D1E89D8CE00A773B7 /* Build configuration list for PBXNativeTarget "NewRecorderUITests" */ = {
			isa = XCConfigurationList;
			buildConfigurations = (
				E51E494E1E89D8CE00A773B7 /* Debug */,
				E51E494F1E89D8CE00A773B7 /* Release */,
			);
			defaultConfigurationIsVisible = 0;
			defaultConfigurationName = Release;
		};
/* End XCConfigurationList section */
	};
	rootObject = E51E49121E89D8CE00A773B7 /* Project object */;
}
