// !$*UTF8*$!
{
	archiveVersion = 1;
	classes = {
	};
	objectVersion = 46;
	objects = {

/* Begin PBXBuildFile section */
		E51E491F1E89D8CE00A773B7 /* main.m in Sources */ = {isa = PBXBuildFile; fileRef = E51E491E1E89D8CE00A773B7 /* main.m */; };
		E51E49221E89D8CE00A773B7 /* AppDelegate.m in Sources */ = {isa = PBXBuildFile; fileRef = E51E49211E89D8CE00A773B7 /* AppDelegate.m */; };
		E51E49251E89D8CE00A773B7 /* ViewController.m in Sources */ = {isa = PBXBuildFile; fileRef = E51E49241E89D8CE00A773B7 /* ViewController.m */; };
		E51E49281E89D8CE00A773B7 /* Main.storyboard in Resources */ = {isa = PBXBuildFile; fileRef = E51E49261E89D8CE00A773B7 /* Main.storyboard */; };
		E51E492A1E89D8CE00A773B7 /* Assets.xcassets in Resources */ = {isa = PBXBuildFile; fileRef = E51E49291E89D8CE00A773B7 /* Assets.xcassets */; };
		E51E492D1E89D8CE00A773B7 /* LaunchScreen.storyboard in Resources */ = {isa = PBXBuildFile; fileRef = E51E492B1E89D8CE00A773B7 /* LaunchScreen.storyboard */; };
		E51E49381E89D8CE00A773B7 /* NewRecorderTests.m in Sources */ = {isa = PBXBuildFile; fileRef = E51E49371E89D8CE00A773B7 /* NewRecorderTests.m */; };
		E51E49431E89D8CE00A773B7 /* NewRecorderUITests.m in Sources */ = {isa = PBXBuildFile; fileRef = E51E49421E89D8CE00A773B7 /* NewRecorderUITests.m */; };
		E52D638C1E8A212E00BDCA6C /* FanModel.m in Sources */ = {isa = PBXBuildFile; fileRef = E52D633E1E8A212E00BDCA6C /* FanModel.m */; };
		E52D638D1E8A212E00BDCA6C /* ItemCacheModel.m in Sources */ = {isa = PBXBuildFile; fileRef = E52D63401E8A212E00BDCA6C /* ItemCacheModel.m */; };
		E52D638E1E8A212E00BDCA6C /* openUDID.m in Sources */ = {isa = PBXBuildFile; fileRef = E52D63421E8A212E00BDCA6C /* openUDID.m */; };
		E52D638F1E8A212E00BDCA6C /* StarCacheModel.m in Sources */ = {isa = PBXBuildFile; fileRef = E52D63441E8A212E00BDCA6C /* StarCacheModel.m */; };
		E52D63901E8A212E00BDCA6C /* UserInfoCacheModel.m in Sources */ = {isa = PBXBuildFile; fileRef = E52D63461E8A212E00BDCA6C /* UserInfoCacheModel.m */; };
		E52D63911E8A212E00BDCA6C /* UserModel.m in Sources */ = {isa = PBXBuildFile; fileRef = E52D63481E8A212E00BDCA6C /* UserModel.m */; };
		E52D63921E8A212E00BDCA6C /* ASIAuthenticationDialog.m in Sources */ = {isa = PBXBuildFile; fileRef = E52D634C1E8A212E00BDCA6C /* ASIAuthenticationDialog.m */; settings = {COMPILER_FLAGS = "-fno-objc-arc"; }; };
		E52D63931E8A212E00BDCA6C /* ASIDataCompressor.m in Sources */ = {isa = PBXBuildFile; fileRef = E52D634F1E8A212E00BDCA6C /* ASIDataCompressor.m */; settings = {COMPILER_FLAGS = "-fno-objc-arc"; }; };
		E52D63941E8A212E00BDCA6C /* ASIDataDecompressor.m in Sources */ = {isa = PBXBuildFile; fileRef = E52D63511E8A212E00BDCA6C /* ASIDataDecompressor.m */; settings = {COMPILER_FLAGS = "-fno-objc-arc"; }; };
		E52D63951E8A212E00BDCA6C /* ASIDownloadCache.m in Sources */ = {isa = PBXBuildFile; fileRef = E52D63531E8A212E00BDCA6C /* ASIDownloadCache.m */; settings = {COMPILER_FLAGS = "-fno-objc-arc"; }; };
		E52D63961E8A212E00BDCA6C /* ASIFormDataRequest.m in Sources */ = {isa = PBXBuildFile; fileRef = E52D63551E8A212E00BDCA6C /* ASIFormDataRequest.m */; settings = {COMPILER_FLAGS = "-fno-objc-arc"; }; };
		E52D63971E8A212E00BDCA6C /* ASIHTTPRequest.m in Sources */ = {isa = PBXBuildFile; fileRef = E52D63571E8A212E00BDCA6C /* ASIHTTPRequest.m */; settings = {COMPILER_FLAGS = "-fno-objc-arc"; }; };
		E52D63981E8A212E00BDCA6C /* ASIInputStream.m in Sources */ = {isa = PBXBuildFile; fileRef = E52D635B1E8A212E00BDCA6C /* ASIInputStream.m */; settings = {COMPILER_FLAGS = "-fno-objc-arc"; }; };
		E52D63991E8A212E00BDCA6C /* ASINetworkQueue.m in Sources */ = {isa = PBXBuildFile; fileRef = E52D635D1E8A212E00BDCA6C /* ASINetworkQueue.m */; settings = {COMPILER_FLAGS = "-fno-objc-arc"; }; };
		E52D639A1E8A212E00BDCA6C /* Reachability.m in Sources */ = {isa = PBXBuildFile; fileRef = E52D63601E8A212E00BDCA6C /* Reachability.m */; settings = {COMPILER_FLAGS = "-fno-objc-arc"; }; };
		E52D639B1E8A212E00BDCA6C /* FMDatabase.m in Sources */ = {isa = PBXBuildFile; fileRef = E52D63631E8A212E00BDCA6C /* FMDatabase.m */; settings = {COMPILER_FLAGS = "-fno-objc-arc"; }; };
		E52D639C1E8A212E00BDCA6C /* FMDatabaseAdditions.m in Sources */ = {isa = PBXBuildFile; fileRef = E52D63651E8A212E00BDCA6C /* FMDatabaseAdditions.m */; settings = {COMPILER_FLAGS = "-fno-objc-arc"; }; };
		E52D639D1E8A212E00BDCA6C /* FMDatabasePool.m in Sources */ = {isa = PBXBuildFile; fileRef = E52D63671E8A212E00BDCA6C /* FMDatabasePool.m */; settings = {COMPILER_FLAGS = "-fno-objc-arc"; }; };
		E52D639E1E8A212E00BDCA6C /* FMDatabaseQueue.m in Sources */ = {isa = PBXBuildFile; fileRef = E52D63691E8A212E00BDCA6C /* FMDatabaseQueue.m */; settings = {COMPILER_FLAGS = "-fno-objc-arc"; }; };
		E52D639F1E8A212E00BDCA6C /* FMResultSet.m in Sources */ = {isa = PBXBuildFile; fileRef = E52D636C1E8A212E00BDCA6C /* FMResultSet.m */; settings = {COMPILER_FLAGS = "-fno-objc-arc"; }; };
		E52D63A01E8A212E00BDCA6C /* Info.plist in Resources */ = {isa = PBXBuildFile; fileRef = E52D636D1E8A212E00BDCA6C /* Info.plist */; };
		E52D63A11E8A212E00BDCA6C /* SBJSON.m in Sources */ = {isa = PBXBuildFile; fileRef = E52D63701E8A212E00BDCA6C /* SBJSON.m */; };
		E52D63A21E8A212E00BDCA6C /* SBJsonBase.m in Sources */ = {isa = PBXBuildFile; fileRef = E52D63721E8A212E00BDCA6C /* SBJsonBase.m */; settings = {COMPILER_FLAGS = "-fno-objc-arc"; }; };
		E52D63A31E8A212E00BDCA6C /* SBJsonParser.m in Sources */ = {isa = PBXBuildFile; fileRef = E52D63741E8A212E00BDCA6C /* SBJsonParser.m */; settings = {COMPILER_FLAGS = "-fno-objc-arc"; }; };
		E52D63A41E8A212E00BDCA6C /* SBJsonWriter.m in Sources */ = {isa = PBXBuildFile; fileRef = E52D63761E8A212E00BDCA6C /* SBJsonWriter.m */; settings = {COMPILER_FLAGS = "-fno-objc-arc"; }; };
		E52D63A51E8A212E00BDCA6C /* FXLabel.m in Sources */ = {isa = PBXBuildFile; fileRef = E52D63791E8A212E00BDCA6C /* FXLabel.m */; };
		E52D63A61E8A212E00BDCA6C /* CacheUtil.m in Sources */ = {isa = PBXBuildFile; fileRef = E52D637D1E8A212E00BDCA6C /* CacheUtil.m */; };
		E52D63A71E8A212E00BDCA6C /* CheckNetwork.m in Sources */ = {isa = PBXBuildFile; fileRef = E52D637F1E8A212E00BDCA6C /* CheckNetwork.m */; };
		E52D63A81E8A212E00BDCA6C /* CheckVersion.m in Sources */ = {isa = PBXBuildFile; fileRef = E52D63811E8A212E00BDCA6C /* CheckVersion.m */; };
		E52D63A91E8A212E00BDCA6C /* Common_param.m in Sources */ = {isa = PBXBuildFile; fileRef = E52D63831E8A212E00BDCA6C /* Common_param.m */; };
		E52D63AA1E8A212E00BDCA6C /* CommonFunctions.m in Sources */ = {isa = PBXBuildFile; fileRef = E52D63851E8A212E00BDCA6C /* CommonFunctions.m */; };
		E52D63AB1E8A212E00BDCA6C /* Commont_Utils.m in Sources */ = {isa = PBXBuildFile; fileRef = E52D63871E8A212E00BDCA6C /* Commont_Utils.m */; };
		E52D63AC1E8A212E00BDCA6C /* NSString+urlEncode.m in Sources */ = {isa = PBXBuildFile; fileRef = E52D63891E8A212E00BDCA6C /* NSString+urlEncode.m */; };
		E52D63AD1E8A212E00BDCA6C /* TapTabBarItemView.m in Sources */ = {isa = PBXBuildFile; fileRef = E52D638B1E8A212E00BDCA6C /* TapTabBarItemView.m */; };
/* End PBXBuildFile section */

/* Begin PBXContainerItemProxy section */
		E51E49341E89D8CE00A773B7 /* PBXContainerItemProxy */ = {
			isa = PBXContainerItemProxy;
			containerPortal = E51E49121E89D8CE00A773B7 /* Project object */;
			proxyType = 1;
			remoteGlobalIDString = E51E49191E89D8CE00A773B7;
			remoteInfo = NewRecorder;
		};
		E51E493F1E89D8CE00A773B7 /* PBXContainerItemProxy */ = {
			isa = PBXContainerItemProxy;
			containerPortal = E51E49121E89D8CE00A773B7 /* Project object */;
			proxyType = 1;
			remoteGlobalIDString = E51E49191E89D8CE00A773B7;
			remoteInfo = NewRecorder;
		};
/* End PBXContainerItemProxy section */

/* Begin PBXFileReference section */
		E51E491A1E89D8CE00A773B7 /* NewRecorder.app */ = {isa = PBXFileReference; explicitFileType = wrapper.application; includeInIndex = 0; path = NewRecorder.app; sourceTree = BUILT_PRODUCTS_DIR; };
		E51E491E1E89D8CE00A773B7 /* main.m */ = {isa = PBXFileReference; lastKnownFileType = sourcecode.c.objc; path = main.m; sourceTree = "<group>"; };
		E51E49201E89D8CE00A773B7 /* AppDelegate.h */ = {isa = PBXFileReference; lastKnownFileType = sourcecode.c.h; path = AppDelegate.h; sourceTree = "<group>"; };
		E51E49211E89D8CE00A773B7 /* AppDelegate.m */ = {isa = PBXFileReference; lastKnownFileType = sourcecode.c.objc; path = AppDelegate.m; sourceTree = "<group>"; };
		E51E49231E89D8CE00A773B7 /* ViewController.h */ = {isa = PBXFileReference; lastKnownFileType = sourcecode.c.h; path = ViewController.h; sourceTree = "<group>"; };
		E51E49241E89D8CE00A773B7 /* ViewController.m */ = {isa = PBXFileReference; lastKnownFileType = sourcecode.c.objc; path = ViewController.m; sourceTree = "<group>"; };
		E51E49271E89D8CE00A773B7 /* Base */ = {isa = PBXFileReference; lastKnownFileType = file.storyboard; name = Base; path = Base.lproj/Main.storyboard; sourceTree = "<group>"; };
		E51E49291E89D8CE00A773B7 /* Assets.xcassets */ = {isa = PBXFileReference; lastKnownFileType = folder.assetcatalog; path = Assets.xcassets; sourceTree = "<group>"; };
		E51E492C1E89D8CE00A773B7 /* Base */ = {isa = PBXFileReference; lastKnownFileType = file.storyboard; name = Base; path = Base.lproj/LaunchScreen.storyboard; sourceTree = "<group>"; };
		E51E492E1E89D8CE00A773B7 /* Info.plist */ = {isa = PBXFileReference; lastKnownFileType = text.plist.xml; path = Info.plist; sourceTree = "<group>"; };
		E51E49331E89D8CE00A773B7 /* NewRecorderTests.xctest */ = {isa = PBXFileReference; explicitFileType = wrapper.cfbundle; includeInIndex = 0; path = NewRecorderTests.xctest; sourceTree = BUILT_PRODUCTS_DIR; };
		E51E49371E89D8CE00A773B7 /* NewRecorderTests.m */ = {isa = PBXFileReference; lastKnownFileType = sourcecode.c.objc; path = NewRecorderTests.m; sourceTree = "<group>"; };
		E51E49391E89D8CE00A773B7 /* Info.plist */ = {isa = PBXFileReference; lastKnownFileType = text.plist.xml; path = Info.plist; sourceTree = "<group>"; };
		E51E493E1E89D8CE00A773B7 /* NewRecorderUITests.xctest */ = {isa = PBXFileReference; explicitFileType = wrapper.cfbundle; includeInIndex = 0; path = NewRecorderUITests.xctest; sourceTree = BUILT_PRODUCTS_DIR; };
		E51E49421E89D8CE00A773B7 /* NewRecorderUITests.m */ = {isa = PBXFileReference; lastKnownFileType = sourcecode.c.objc; path = NewRecorderUITests.m; sourceTree = "<group>"; };
		E51E49441E89D8CE00A773B7 /* Info.plist */ = {isa = PBXFileReference; lastKnownFileType = text.plist.xml; path = Info.plist; sourceTree = "<group>"; };
		E52D633D1E8A212E00BDCA6C /* FanModel.h */ = {isa = PBXFileReference; fileEncoding = 4; lastKnownFileType = sourcecode.c.h; path = FanModel.h; sourceTree = "<group>"; };
		E52D633E1E8A212E00BDCA6C /* FanModel.m */ = {isa = PBXFileReference; fileEncoding = 4; lastKnownFileType = sourcecode.c.objc; path = FanModel.m; sourceTree = "<group>"; };
		E52D633F1E8A212E00BDCA6C /* ItemCacheModel.h */ = {isa = PBXFileReference; fileEncoding = 4; lastKnownFileType = sourcecode.c.h; path = ItemCacheModel.h; sourceTree = "<group>"; };
		E52D63401E8A212E00BDCA6C /* ItemCacheModel.m */ = {isa = PBXFileReference; fileEncoding = 4; lastKnownFileType = sourcecode.c.objc; path = ItemCacheModel.m; sourceTree = "<group>"; };
		E52D63411E8A212E00BDCA6C /* openUDID.h */ = {isa = PBXFileReference; fileEncoding = 4; lastKnownFileType = sourcecode.c.h; path = openUDID.h; sourceTree = "<group>"; };
		E52D63421E8A212E00BDCA6C /* openUDID.m */ = {isa = PBXFileReference; fileEncoding = 4; lastKnownFileType = sourcecode.c.objc; path = openUDID.m; sourceTree = "<group>"; };
		E52D63431E8A212E00BDCA6C /* StarCacheModel.h */ = {isa = PBXFileReference; fileEncoding = 4; lastKnownFileType = sourcecode.c.h; path = StarCacheModel.h; sourceTree = "<group>"; };
		E52D63441E8A212E00BDCA6C /* StarCacheModel.m */ = {isa = PBXFileReference; fileEncoding = 4; lastKnownFileType = sourcecode.c.objc; path = StarCacheModel.m; sourceTree = "<group>"; };
		E52D63451E8A212E00BDCA6C /* UserInfoCacheModel.h */ = {isa = PBXFileReference; fileEncoding = 4; lastKnownFileType = sourcecode.c.h; path = UserInfoCacheModel.h; sourceTree = "<group>"; };
		E52D63461E8A212E00BDCA6C /* UserInfoCacheModel.m */ = {isa = PBXFileReference; fileEncoding = 4; lastKnownFileType = sourcecode.c.objc; path = UserInfoCacheModel.m; sourceTree = "<group>"; };
		E52D63471E8A212E00BDCA6C /* UserModel.h */ = {isa = PBXFileReference; fileEncoding = 4; lastKnownFileType = sourcecode.c.h; path = UserModel.h; sourceTree = "<group>"; };
		E52D63481E8A212E00BDCA6C /* UserModel.m */ = {isa = PBXFileReference; fileEncoding = 4; lastKnownFileType = sourcecode.c.objc; path = UserModel.m; sourceTree = "<group>"; };
		E52D634B1E8A212E00BDCA6C /* ASIAuthenticationDialog.h */ = {isa = PBXFileReference; fileEncoding = 4; lastKnownFileType = sourcecode.c.h; path = ASIAuthenticationDialog.h; sourceTree = "<group>"; };
		E52D634C1E8A212E00BDCA6C /* ASIAuthenticationDialog.m */ = {isa = PBXFileReference; fileEncoding = 4; lastKnownFileType = sourcecode.c.objc; path = ASIAuthenticationDialog.m; sourceTree = "<group>"; };
		E52D634D1E8A212E00BDCA6C /* ASICacheDelegate.h */ = {isa = PBXFileReference; fileEncoding = 4; lastKnownFileType = sourcecode.c.h; path = ASICacheDelegate.h; sourceTree = "<group>"; };
		E52D634E1E8A212E00BDCA6C /* ASIDataCompressor.h */ = {isa = PBXFileReference; fileEncoding = 4; lastKnownFileType = sourcecode.c.h; path = ASIDataCompressor.h; sourceTree = "<group>"; };
		E52D634F1E8A212E00BDCA6C /* ASIDataCompressor.m */ = {isa = PBXFileReference; fileEncoding = 4; lastKnownFileType = sourcecode.c.objc; path = ASIDataCompressor.m; sourceTree = "<group>"; };
		E52D63501E8A212E00BDCA6C /* ASIDataDecompressor.h */ = {isa = PBXFileReference; fileEncoding = 4; lastKnownFileType = sourcecode.c.h; path = ASIDataDecompressor.h; sourceTree = "<group>"; };
		E52D63511E8A212E00BDCA6C /* ASIDataDecompressor.m */ = {isa = PBXFileReference; fileEncoding = 4; lastKnownFileType = sourcecode.c.objc; path = ASIDataDecompressor.m; sourceTree = "<group>"; };
		E52D63521E8A212E00BDCA6C /* ASIDownloadCache.h */ = {isa = PBXFileReference; fileEncoding = 4; lastKnownFileType = sourcecode.c.h; path = ASIDownloadCache.h; sourceTree = "<group>"; };
		E52D63531E8A212E00BDCA6C /* ASIDownloadCache.m */ = {isa = PBXFileReference; fileEncoding = 4; lastKnownFileType = sourcecode.c.objc; path = ASIDownloadCache.m; sourceTree = "<group>"; };
		E52D63541E8A212E00BDCA6C /* ASIFormDataRequest.h */ = {isa = PBXFileReference; fileEncoding = 4; lastKnownFileType = sourcecode.c.h; path = ASIFormDataRequest.h; sourceTree = "<group>"; };
		E52D63551E8A212E00BDCA6C /* ASIFormDataRequest.m */ = {isa = PBXFileReference; fileEncoding = 4; lastKnownFileType = sourcecode.c.objc; path = ASIFormDataRequest.m; sourceTree = "<group>"; };
		E52D63561E8A212E00BDCA6C /* ASIHTTPRequest.h */ = {isa = PBXFileReference; fileEncoding = 4; lastKnownFileType = sourcecode.c.h; path = ASIHTTPRequest.h; sourceTree = "<group>"; };
		E52D63571E8A212E00BDCA6C /* ASIHTTPRequest.m */ = {isa = PBXFileReference; fileEncoding = 4; lastKnownFileType = sourcecode.c.objc; path = ASIHTTPRequest.m; sourceTree = "<group>"; };
		E52D63581E8A212E00BDCA6C /* ASIHTTPRequestConfig.h */ = {isa = PBXFileReference; fileEncoding = 4; lastKnownFileType = sourcecode.c.h; path = ASIHTTPRequestConfig.h; sourceTree = "<group>"; };
		E52D63591E8A212E00BDCA6C /* ASIHTTPRequestDelegate.h */ = {isa = PBXFileReference; fileEncoding = 4; lastKnownFileType = sourcecode.c.h; path = ASIHTTPRequestDelegate.h; sourceTree = "<group>"; };
		E52D635A1E8A212E00BDCA6C /* ASIInputStream.h */ = {isa = PBXFileReference; fileEncoding = 4; lastKnownFileType = sourcecode.c.h; path = ASIInputStream.h; sourceTree = "<group>"; };
		E52D635B1E8A212E00BDCA6C /* ASIInputStream.m */ = {isa = PBXFileReference; fileEncoding = 4; lastKnownFileType = sourcecode.c.objc; path = ASIInputStream.m; sourceTree = "<group>"; };
		E52D635C1E8A212E00BDCA6C /* ASINetworkQueue.h */ = {isa = PBXFileReference; fileEncoding = 4; lastKnownFileType = sourcecode.c.h; path = ASINetworkQueue.h; sourceTree = "<group>"; };
		E52D635D1E8A212E00BDCA6C /* ASINetworkQueue.m */ = {isa = PBXFileReference; fileEncoding = 4; lastKnownFileType = sourcecode.c.objc; path = ASINetworkQueue.m; sourceTree = "<group>"; };
		E52D635E1E8A212E00BDCA6C /* ASIProgressDelegate.h */ = {isa = PBXFileReference; fileEncoding = 4; lastKnownFileType = sourcecode.c.h; path = ASIProgressDelegate.h; sourceTree = "<group>"; };
		E52D635F1E8A212E00BDCA6C /* Reachability.h */ = {isa = PBXFileReference; fileEncoding = 4; lastKnownFileType = sourcecode.c.h; path = Reachability.h; sourceTree = "<group>"; };
		E52D63601E8A212E00BDCA6C /* Reachability.m */ = {isa = PBXFileReference; fileEncoding = 4; lastKnownFileType = sourcecode.c.objc; path = Reachability.m; sourceTree = "<group>"; };
		E52D63621E8A212E00BDCA6C /* FMDatabase.h */ = {isa = PBXFileReference; fileEncoding = 4; lastKnownFileType = sourcecode.c.h; path = FMDatabase.h; sourceTree = "<group>"; };
		E52D63631E8A212E00BDCA6C /* FMDatabase.m */ = {isa = PBXFileReference; fileEncoding = 4; lastKnownFileType = sourcecode.c.objc; path = FMDatabase.m; sourceTree = "<group>"; };
		E52D63641E8A212E00BDCA6C /* FMDatabaseAdditions.h */ = {isa = PBXFileReference; fileEncoding = 4; lastKnownFileType = sourcecode.c.h; path = FMDatabaseAdditions.h; sourceTree = "<group>"; };
		E52D63651E8A212E00BDCA6C /* FMDatabaseAdditions.m */ = {isa = PBXFileReference; fileEncoding = 4; lastKnownFileType = sourcecode.c.objc; path = FMDatabaseAdditions.m; sourceTree = "<group>"; };
		E52D63661E8A212E00BDCA6C /* FMDatabasePool.h */ = {isa = PBXFileReference; fileEncoding = 4; lastKnownFileType = sourcecode.c.h; path = FMDatabasePool.h; sourceTree = "<group>"; };
		E52D63671E8A212E00BDCA6C /* FMDatabasePool.m */ = {isa = PBXFileReference; fileEncoding = 4; lastKnownFileType = sourcecode.c.objc; path = FMDatabasePool.m; sourceTree = "<group>"; };
		E52D63681E8A212E00BDCA6C /* FMDatabaseQueue.h */ = {isa = PBXFileReference; fileEncoding = 4; lastKnownFileType = sourcecode.c.h; path = FMDatabaseQueue.h; sourceTree = "<group>"; };
		E52D63691E8A212E00BDCA6C /* FMDatabaseQueue.m */ = {isa = PBXFileReference; fileEncoding = 4; lastKnownFileType = sourcecode.c.objc; path = FMDatabaseQueue.m; sourceTree = "<group>"; };
		E52D636A1E8A212E00BDCA6C /* FMDB.h */ = {isa = PBXFileReference; fileEncoding = 4; lastKnownFileType = sourcecode.c.h; path = FMDB.h; sourceTree = "<group>"; };
		E52D636B1E8A212E00BDCA6C /* FMResultSet.h */ = {isa = PBXFileReference; fileEncoding = 4; lastKnownFileType = sourcecode.c.h; path = FMResultSet.h; sourceTree = "<group>"; };
		E52D636C1E8A212E00BDCA6C /* FMResultSet.m */ = {isa = PBXFileReference; fileEncoding = 4; lastKnownFileType = sourcecode.c.objc; path = FMResultSet.m; sourceTree = "<group>"; };
		E52D636D1E8A212E00BDCA6C /* Info.plist */ = {isa = PBXFileReference; fileEncoding = 4; lastKnownFileType = text.plist.xml; path = Info.plist; sourceTree = "<group>"; };
		E52D636F1E8A212E00BDCA6C /* SBJSON.h */ = {isa = PBXFileReference; fileEncoding = 4; lastKnownFileType = sourcecode.c.h; path = SBJSON.h; sourceTree = "<group>"; };
		E52D63701E8A212E00BDCA6C /* SBJSON.m */ = {isa = PBXFileReference; fileEncoding = 4; lastKnownFileType = sourcecode.c.objc; path = SBJSON.m; sourceTree = "<group>"; };
		E52D63711E8A212E00BDCA6C /* SBJsonBase.h */ = {isa = PBXFileReference; fileEncoding = 4; lastKnownFileType = sourcecode.c.h; path = SBJsonBase.h; sourceTree = "<group>"; };
		E52D63721E8A212E00BDCA6C /* SBJsonBase.m */ = {isa = PBXFileReference; fileEncoding = 4; lastKnownFileType = sourcecode.c.objc; path = SBJsonBase.m; sourceTree = "<group>"; };
		E52D63731E8A212E00BDCA6C /* SBJsonParser.h */ = {isa = PBXFileReference; fileEncoding = 4; lastKnownFileType = sourcecode.c.h; path = SBJsonParser.h; sourceTree = "<group>"; };
		E52D63741E8A212E00BDCA6C /* SBJsonParser.m */ = {isa = PBXFileReference; fileEncoding = 4; lastKnownFileType = sourcecode.c.objc; path = SBJsonParser.m; sourceTree = "<group>"; };
		E52D63751E8A212E00BDCA6C /* SBJsonWriter.h */ = {isa = PBXFileReference; fileEncoding = 4; lastKnownFileType = sourcecode.c.h; path = SBJsonWriter.h; sourceTree = "<group>"; };
		E52D63761E8A212E00BDCA6C /* SBJsonWriter.m */ = {isa = PBXFileReference; fileEncoding = 4; lastKnownFileType = sourcecode.c.objc; path = SBJsonWriter.m; sourceTree = "<group>"; };
		E52D63781E8A212E00BDCA6C /* FXLabel.h */ = {isa = PBXFileReference; fileEncoding = 4; lastKnownFileType = sourcecode.c.h; path = FXLabel.h; sourceTree = "<group>"; };
		E52D63791E8A212E00BDCA6C /* FXLabel.m */ = {isa = PBXFileReference; fileEncoding = 4; lastKnownFileType = sourcecode.c.objc; path = FXLabel.m; sourceTree = "<group>"; };
		E52D637B1E8A212E00BDCA6C /* BasicInfo_define.h */ = {isa = PBXFileReference; fileEncoding = 4; lastKnownFileType = sourcecode.c.h; path = BasicInfo_define.h; sourceTree = "<group>"; };
		E52D637C1E8A212E00BDCA6C /* CacheUtil.h */ = {isa = PBXFileReference; fileEncoding = 4; lastKnownFileType = sourcecode.c.h; path = CacheUtil.h; sourceTree = "<group>"; };
		E52D637D1E8A212E00BDCA6C /* CacheUtil.m */ = {isa = PBXFileReference; fileEncoding = 4; lastKnownFileType = sourcecode.c.objc; path = CacheUtil.m; sourceTree = "<group>"; };
		E52D637E1E8A212E00BDCA6C /* CheckNetwork.h */ = {isa = PBXFileReference; fileEncoding = 4; lastKnownFileType = sourcecode.c.h; path = CheckNetwork.h; sourceTree = "<group>"; };
		E52D637F1E8A212E00BDCA6C /* CheckNetwork.m */ = {isa = PBXFileReference; fileEncoding = 4; lastKnownFileType = sourcecode.c.objc; path = CheckNetwork.m; sourceTree = "<group>"; };
		E52D63801E8A212E00BDCA6C /* CheckVersion.h */ = {isa = PBXFileReference; fileEncoding = 4; lastKnownFileType = sourcecode.c.h; path = CheckVersion.h; sourceTree = "<group>"; };
		E52D63811E8A212E00BDCA6C /* CheckVersion.m */ = {isa = PBXFileReference; fileEncoding = 4; lastKnownFileType = sourcecode.c.objc; path = CheckVersion.m; sourceTree = "<group>"; };
		E52D63821E8A212E00BDCA6C /* Common_param.h */ = {isa = PBXFileReference; fileEncoding = 4; lastKnownFileType = sourcecode.c.h; path = Common_param.h; sourceTree = "<group>"; };
		E52D63831E8A212E00BDCA6C /* Common_param.m */ = {isa = PBXFileReference; fileEncoding = 4; lastKnownFileType = sourcecode.c.objc; path = Common_param.m; sourceTree = "<group>"; };
		E52D63841E8A212E00BDCA6C /* CommonFunctions.h */ = {isa = PBXFileReference; fileEncoding = 4; lastKnownFileType = sourcecode.c.h; path = CommonFunctions.h; sourceTree = "<group>"; };
		E52D63851E8A212E00BDCA6C /* CommonFunctions.m */ = {isa = PBXFileReference; fileEncoding = 4; lastKnownFileType = sourcecode.c.objc; path = CommonFunctions.m; sourceTree = "<group>"; };
		E52D63861E8A212E00BDCA6C /* Commont_Utils.h */ = {isa = PBXFileReference; fileEncoding = 4; lastKnownFileType = sourcecode.c.h; path = Commont_Utils.h; sourceTree = "<group>"; };
		E52D63871E8A212E00BDCA6C /* Commont_Utils.m */ = {isa = PBXFileReference; fileEncoding = 4; lastKnownFileType = sourcecode.c.objc; path = Commont_Utils.m; sourceTree = "<group>"; };
		E52D63881E8A212E00BDCA6C /* NSString+urlEncode.h */ = {isa = PBXFileReference; fileEncoding = 4; lastKnownFileType = sourcecode.c.h; path = "NSString+urlEncode.h"; sourceTree = "<group>"; };
		E52D63891E8A212E00BDCA6C /* NSString+urlEncode.m */ = {isa = PBXFileReference; fileEncoding = 4; lastKnownFileType = sourcecode.c.objc; path = "NSString+urlEncode.m"; sourceTree = "<group>"; };
		E52D638A1E8A212E00BDCA6C /* TapTabBarItemView.h */ = {isa = PBXFileReference; fileEncoding = 4; lastKnownFileType = sourcecode.c.h; path = TapTabBarItemView.h; sourceTree = "<group>"; };
		E52D638B1E8A212E00BDCA6C /* TapTabBarItemView.m */ = {isa = PBXFileReference; fileEncoding = 4; lastKnownFileType = sourcecode.c.objc; path = TapTabBarItemView.m; sourceTree = "<group>"; };
/* End PBXFileReference section */

/* Begin PBXFrameworksBuildPhase section */
		E51E49171E89D8CE00A773B7 /* Frameworks */ = {
			isa = PBXFrameworksBuildPhase;
			buildActionMask = 2147483647;
			files = (
			);
			runOnlyForDeploymentPostprocessing = 0;
		};
		E51E49301E89D8CE00A773B7 /* Frameworks */ = {
			isa = PBXFrameworksBuildPhase;
			buildActionMask = 2147483647;
			files = (
			);
			runOnlyForDeploymentPostprocessing = 0;
		};
		E51E493B1E89D8CE00A773B7 /* Frameworks */ = {
			isa = PBXFrameworksBuildPhase;
			buildActionMask = 2147483647;
			files = (
			);
			runOnlyForDeploymentPostprocessing = 0;
		};
/* End PBXFrameworksBuildPhase section */

/* Begin PBXGroup section */
		E51E49111E89D8CE00A773B7 = {
			isa = PBXGroup;
			children = (
				E52D633C1E8A212E00BDCA6C /* MODELS */,
				E52D63491E8A212E00BDCA6C /* ThirdParty */,
				E52D637A1E8A212E00BDCA6C /* UTILS */,
				E51E491C1E89D8CE00A773B7 /* NewRecorder */,
				E51E49361E89D8CE00A773B7 /* NewRecorderTests */,
				E51E49411E89D8CE00A773B7 /* NewRecorderUITests */,
				E51E491B1E89D8CE00A773B7 /* Products */,
			);
			sourceTree = "<group>";
		};
		E51E491B1E89D8CE00A773B7 /* Products */ = {
			isa = PBXGroup;
			children = (
				E51E491A1E89D8CE00A773B7 /* NewRecorder.app */,
				E51E49331E89D8CE00A773B7 /* NewRecorderTests.xctest */,
				E51E493E1E89D8CE00A773B7 /* NewRecorderUITests.xctest */,
			);
			name = Products;
			sourceTree = "<group>";
		};
		E51E491C1E89D8CE00A773B7 /* NewRecorder */ = {
			isa = PBXGroup;
			children = (
				E51E49201E89D8CE00A773B7 /* AppDelegate.h */,
				E51E49211E89D8CE00A773B7 /* AppDelegate.m */,
				E51E49231E89D8CE00A773B7 /* ViewController.h */,
				E51E49241E89D8CE00A773B7 /* ViewController.m */,
				E51E49261E89D8CE00A773B7 /* Main.storyboard */,
				E51E49291E89D8CE00A773B7 /* Assets.xcassets */,
				E51E492B1E89D8CE00A773B7 /* LaunchScreen.storyboard */,
				E51E492E1E89D8CE00A773B7 /* Info.plist */,
				E51E491D1E89D8CE00A773B7 /* Supporting Files */,
			);
			path = NewRecorder;
			sourceTree = "<group>";
		};
		E51E491D1E89D8CE00A773B7 /* Supporting Files */ = {
			isa = PBXGroup;
			children = (
				E51E491E1E89D8CE00A773B7 /* main.m */,
			);
			name = "Supporting Files";
			sourceTree = "<group>";
		};
		E51E49361E89D8CE00A773B7 /* NewRecorderTests */ = {
			isa = PBXGroup;
			children = (
				E51E49371E89D8CE00A773B7 /* NewRecorderTests.m */,
				E51E49391E89D8CE00A773B7 /* Info.plist */,
			);
			path = NewRecorderTests;
			sourceTree = "<group>";
		};
		E51E49411E89D8CE00A773B7 /* NewRecorderUITests */ = {
			isa = PBXGroup;
			children = (
				E51E49421E89D8CE00A773B7 /* NewRecorderUITests.m */,
				E51E49441E89D8CE00A773B7 /* Info.plist */,
			);
			path = NewRecorderUITests;
			sourceTree = "<group>";
		};
		E52D633C1E8A212E00BDCA6C /* MODELS */ = {
			isa = PBXGroup;
			children = (
				E52D633D1E8A212E00BDCA6C /* FanModel.h */,
				E52D633E1E8A212E00BDCA6C /* FanModel.m */,
				E52D633F1E8A212E00BDCA6C /* ItemCacheModel.h */,
				E52D63401E8A212E00BDCA6C /* ItemCacheModel.m */,
				E52D63411E8A212E00BDCA6C /* openUDID.h */,
				E52D63421E8A212E00BDCA6C /* openUDID.m */,
				E52D63431E8A212E00BDCA6C /* StarCacheModel.h */,
				E52D63441E8A212E00BDCA6C /* StarCacheModel.m */,
				E52D63451E8A212E00BDCA6C /* UserInfoCacheModel.h */,
				E52D63461E8A212E00BDCA6C /* UserInfoCacheModel.m */,
				E52D63471E8A212E00BDCA6C /* UserModel.h */,
				E52D63481E8A212E00BDCA6C /* UserModel.m */,
			);
			path = MODELS;
			sourceTree = "<group>";
		};
		E52D63491E8A212E00BDCA6C /* ThirdParty */ = {
			isa = PBXGroup;
			children = (
				E52D634A1E8A212E00BDCA6C /* ASI_HTTP */,
				E52D63611E8A212E00BDCA6C /* fmdb */,
				E52D636E1E8A212E00BDCA6C /* SBjson */,
				E52D63771E8A212E00BDCA6C /* UILibrary */,
			);
			path = ThirdParty;
			sourceTree = "<group>";
		};
		E52D634A1E8A212E00BDCA6C /* ASI_HTTP */ = {
			isa = PBXGroup;
			children = (
				E52D634B1E8A212E00BDCA6C /* ASIAuthenticationDialog.h */,
				E52D634C1E8A212E00BDCA6C /* ASIAuthenticationDialog.m */,
				E52D634D1E8A212E00BDCA6C /* ASICacheDelegate.h */,
				E52D634E1E8A212E00BDCA6C /* ASIDataCompressor.h */,
				E52D634F1E8A212E00BDCA6C /* ASIDataCompressor.m */,
				E52D63501E8A212E00BDCA6C /* ASIDataDecompressor.h */,
				E52D63511E8A212E00BDCA6C /* ASIDataDecompressor.m */,
				E52D63521E8A212E00BDCA6C /* ASIDownloadCache.h */,
				E52D63531E8A212E00BDCA6C /* ASIDownloadCache.m */,
				E52D63541E8A212E00BDCA6C /* ASIFormDataRequest.h */,
				E52D63551E8A212E00BDCA6C /* ASIFormDataRequest.m */,
				E52D63561E8A212E00BDCA6C /* ASIHTTPRequest.h */,
				E52D63571E8A212E00BDCA6C /* ASIHTTPRequest.m */,
				E52D63581E8A212E00BDCA6C /* ASIHTTPRequestConfig.h */,
				E52D63591E8A212E00BDCA6C /* ASIHTTPRequestDelegate.h */,
				E52D635A1E8A212E00BDCA6C /* ASIInputStream.h */,
				E52D635B1E8A212E00BDCA6C /* ASIInputStream.m */,
				E52D635C1E8A212E00BDCA6C /* ASINetworkQueue.h */,
				E52D635D1E8A212E00BDCA6C /* ASINetworkQueue.m */,
				E52D635E1E8A212E00BDCA6C /* ASIProgressDelegate.h */,
				E52D635F1E8A212E00BDCA6C /* Reachability.h */,
				E52D63601E8A212E00BDCA6C /* Reachability.m */,
			);
			path = ASI_HTTP;
			sourceTree = "<group>";
		};
		E52D63611E8A212E00BDCA6C /* fmdb */ = {
			isa = PBXGroup;
			children = (
				E52D63621E8A212E00BDCA6C /* FMDatabase.h */,
				E52D63631E8A212E00BDCA6C /* FMDatabase.m */,
				E52D63641E8A212E00BDCA6C /* FMDatabaseAdditions.h */,
				E52D63651E8A212E00BDCA6C /* FMDatabaseAdditions.m */,
				E52D63661E8A212E00BDCA6C /* FMDatabasePool.h */,
				E52D63671E8A212E00BDCA6C /* FMDatabasePool.m */,
				E52D63681E8A212E00BDCA6C /* FMDatabaseQueue.h */,
				E52D63691E8A212E00BDCA6C /* FMDatabaseQueue.m */,
				E52D636A1E8A212E00BDCA6C /* FMDB.h */,
				E52D636B1E8A212E00BDCA6C /* FMResultSet.h */,
				E52D636C1E8A212E00BDCA6C /* FMResultSet.m */,
				E52D636D1E8A212E00BDCA6C /* Info.plist */,
			);
			path = fmdb;
			sourceTree = "<group>";
		};
		E52D636E1E8A212E00BDCA6C /* SBjson */ = {
			isa = PBXGroup;
			children = (
				E52D636F1E8A212E00BDCA6C /* SBJSON.h */,
				E52D63701E8A212E00BDCA6C /* SBJSON.m */,
				E52D63711E8A212E00BDCA6C /* SBJsonBase.h */,
				E52D63721E8A212E00BDCA6C /* SBJsonBase.m */,
				E52D63731E8A212E00BDCA6C /* SBJsonParser.h */,
				E52D63741E8A212E00BDCA6C /* SBJsonParser.m */,
				E52D63751E8A212E00BDCA6C /* SBJsonWriter.h */,
				E52D63761E8A212E00BDCA6C /* SBJsonWriter.m */,
			);
			path = SBjson;
			sourceTree = "<group>";
		};
		E52D63771E8A212E00BDCA6C /* UILibrary */ = {
			isa = PBXGroup;
			children = (
				E52D63781E8A212E00BDCA6C /* FXLabel.h */,
				E52D63791E8A212E00BDCA6C /* FXLabel.m */,
			);
			path = UILibrary;
			sourceTree = "<group>";
		};
		E52D637A1E8A212E00BDCA6C /* UTILS */ = {
			isa = PBXGroup;
			children = (
				E52D637B1E8A212E00BDCA6C /* BasicInfo_define.h */,
				E52D637C1E8A212E00BDCA6C /* CacheUtil.h */,
				E52D637D1E8A212E00BDCA6C /* CacheUtil.m */,
				E52D637E1E8A212E00BDCA6C /* CheckNetwork.h */,
				E52D637F1E8A212E00BDCA6C /* CheckNetwork.m */,
				E52D63801E8A212E00BDCA6C /* CheckVersion.h */,
				E52D63811E8A212E00BDCA6C /* CheckVersion.m */,
				E52D63821E8A212E00BDCA6C /* Common_param.h */,
				E52D63831E8A212E00BDCA6C /* Common_param.m */,
				E52D63841E8A212E00BDCA6C /* CommonFunctions.h */,
				E52D63851E8A212E00BDCA6C /* CommonFunctions.m */,
				E52D63861E8A212E00BDCA6C /* Commont_Utils.h */,
				E52D63871E8A212E00BDCA6C /* Commont_Utils.m */,
				E52D63881E8A212E00BDCA6C /* NSString+urlEncode.h */,
				E52D63891E8A212E00BDCA6C /* NSString+urlEncode.m */,
				E52D638A1E8A212E00BDCA6C /* TapTabBarItemView.h */,
				E52D638B1E8A212E00BDCA6C /* TapTabBarItemView.m */,
			);
			path = UTILS;
			sourceTree = "<group>";
		};
/* End PBXGroup section */

/* Begin PBXNativeTarget section */
		E51E49191E89D8CE00A773B7 /* NewRecorder */ = {
			isa = PBXNativeTarget;
			buildConfigurationList = E51E49471E89D8CE00A773B7 /* Build configuration list for PBXNativeTarget "NewRecorder" */;
			buildPhases = (
				E51E49161E89D8CE00A773B7 /* Sources */,
				E51E49171E89D8CE00A773B7 /* Frameworks */,
				E51E49181E89D8CE00A773B7 /* Resources */,
			);
			buildRules = (
			);
			dependencies = (
			);
			name = NewRecorder;
			productName = NewRecorder;
			productReference = E51E491A1E89D8CE00A773B7 /* NewRecorder.app */;
			productType = "com.apple.product-type.application";
		};
		E51E49321E89D8CE00A773B7 /* NewRecorderTests */ = {
			isa = PBXNativeTarget;
			buildConfigurationList = E51E494A1E89D8CE00A773B7 /* Build configuration list for PBXNativeTarget "NewRecorderTests" */;
			buildPhases = (
				E51E492F1E89D8CE00A773B7 /* Sources */,
				E51E49301E89D8CE00A773B7 /* Frameworks */,
				E51E49311E89D8CE00A773B7 /* Resources */,
			);
			buildRules = (
			);
			dependencies = (
				E51E49351E89D8CE00A773B7 /* PBXTargetDependency */,
			);
			name = NewRecorderTests;
			productName = NewRecorderTests;
			productReference = E51E49331E89D8CE00A773B7 /* NewRecorderTests.xctest */;
			productType = "com.apple.product-type.bundle.unit-test";
		};
		E51E493D1E89D8CE00A773B7 /* NewRecorderUITests */ = {
			isa = PBXNativeTarget;
			buildConfigurationList = E51E494D1E89D8CE00A773B7 /* Build configuration list for PBXNativeTarget "NewRecorderUITests" */;
			buildPhases = (
				E51E493A1E89D8CE00A773B7 /* Sources */,
				E51E493B1E89D8CE00A773B7 /* Frameworks */,
				E51E493C1E89D8CE00A773B7 /* Resources */,
			);
			buildRules = (
			);
			dependencies = (
				E51E49401E89D8CE00A773B7 /* PBXTargetDependency */,
			);
			name = NewRecorderUITests;
			productName = NewRecorderUITests;
			productReference = E51E493E1E89D8CE00A773B7 /* NewRecorderUITests.xctest */;
			productType = "com.apple.product-type.bundle.ui-testing";
		};
/* End PBXNativeTarget section */

/* Begin PBXProject section */
		E51E49121E89D8CE00A773B7 /* Project object */ = {
			isa = PBXProject;
			attributes = {
				LastUpgradeCheck = 0830;
				ORGANIZATIONNAME = Tiger;
				TargetAttributes = {
					E51E49191E89D8CE00A773B7 = {
						CreatedOnToolsVersion = 8.3;
						DevelopmentTeam = DVP75478EK;
						ProvisioningStyle = Automatic;
					};
					E51E49321E89D8CE00A773B7 = {
						CreatedOnToolsVersion = 8.3;
						DevelopmentTeam = DVP75478EK;
						ProvisioningStyle = Automatic;
						TestTargetID = E51E49191E89D8CE00A773B7;
					};
					E51E493D1E89D8CE00A773B7 = {
						CreatedOnToolsVersion = 8.3;
						DevelopmentTeam = DVP75478EK;
						ProvisioningStyle = Automatic;
						TestTargetID = E51E49191E89D8CE00A773B7;
					};
				};
			};
			buildConfigurationList = E51E49151E89D8CE00A773B7 /* Build configuration list for PBXProject "NewRecorder" */;
			compatibilityVersion = "Xcode 3.2";
			developmentRegion = English;
			hasScannedForEncodings = 0;
			knownRegions = (
				en,
				Base,
			);
			mainGroup = E51E49111E89D8CE00A773B7;
			productRefGroup = E51E491B1E89D8CE00A773B7 /* Products */;
			projectDirPath = "";
			projectRoot = "";
			targets = (
				E51E49191E89D8CE00A773B7 /* NewRecorder */,
				E51E49321E89D8CE00A773B7 /* NewRecorderTests */,
				E51E493D1E89D8CE00A773B7 /* NewRecorderUITests */,
			);
		};
/* End PBXProject section */

/* Begin PBXResourcesBuildPhase section */
		E51E49181E89D8CE00A773B7 /* Resources */ = {
			isa = PBXResourcesBuildPhase;
			buildActionMask = 2147483647;
			files = (
				E52D63A01E8A212E00BDCA6C /* Info.plist in Resources */,
				E51E492D1E89D8CE00A773B7 /* LaunchScreen.storyboard in Resources */,
				E51E492A1E89D8CE00A773B7 /* Assets.xcassets in Resources */,
				E51E49281E89D8CE00A773B7 /* Main.storyboard in Resources */,
			);
			runOnlyForDeploymentPostprocessing = 0;
		};
		E51E49311E89D8CE00A773B7 /* Resources */ = {
			isa = PBXResourcesBuildPhase;
			buildActionMask = 2147483647;
			files = (
			);
			runOnlyForDeploymentPostprocessing = 0;
		};
		E51E493C1E89D8CE00A773B7 /* Resources */ = {
			isa = PBXResourcesBuildPhase;
			buildActionMask = 2147483647;
			files = (
			);
			runOnlyForDeploymentPostprocessing = 0;
		};
/* End PBXResourcesBuildPhase section */

/* Begin PBXSourcesBuildPhase section */
		E51E49161E89D8CE00A773B7 /* Sources */ = {
			isa = PBXSourcesBuildPhase;
			buildActionMask = 2147483647;
			files = (
				E51E49251E89D8CE00A773B7 /* ViewController.m in Sources */,
				E52D639B1E8A212E00BDCA6C /* FMDatabase.m in Sources */,
				E52D63A91E8A212E00BDCA6C /* Common_param.m in Sources */,
				E51E49221E89D8CE00A773B7 /* AppDelegate.m in Sources */,
				E52D63971E8A212E00BDCA6C /* ASIHTTPRequest.m in Sources */,
				E52D639D1E8A212E00BDCA6C /* FMDatabasePool.m in Sources */,
				E52D63A71E8A212E00BDCA6C /* CheckNetwork.m in Sources */,
				E51E491F1E89D8CE00A773B7 /* main.m in Sources */,
				E52D63981E8A212E00BDCA6C /* ASIInputStream.m in Sources */,
				E52D63A21E8A212E00BDCA6C /* SBJsonBase.m in Sources */,
				E52D638D1E8A212E00BDCA6C /* ItemCacheModel.m in Sources */,
				E52D638F1E8A212E00BDCA6C /* StarCacheModel.m in Sources */,
				E52D63941E8A212E00BDCA6C /* ASIDataDecompressor.m in Sources */,
				E52D63A61E8A212E00BDCA6C /* CacheUtil.m in Sources */,
				E52D638C1E8A212E00BDCA6C /* FanModel.m in Sources */,
				E52D63AB1E8A212E00BDCA6C /* Commont_Utils.m in Sources */,
				E52D63961E8A212E00BDCA6C /* ASIFormDataRequest.m in Sources */,
				E52D63AD1E8A212E00BDCA6C /* TapTabBarItemView.m in Sources */,
				E52D638E1E8A212E00BDCA6C /* openUDID.m in Sources */,
				E52D63AA1E8A212E00BDCA6C /* CommonFunctions.m in Sources */,
				E52D63A51E8A212E00BDCA6C /* FXLabel.m in Sources */,
				E52D63921E8A212E00BDCA6C /* ASIAuthenticationDialog.m in Sources */,
				E52D63A81E8A212E00BDCA6C /* CheckVersion.m in Sources */,
				E52D63931E8A212E00BDCA6C /* ASIDataCompressor.m in Sources */,
				E52D63901E8A212E00BDCA6C /* UserInfoCacheModel.m in Sources */,
				E52D63A31E8A212E00BDCA6C /* SBJsonParser.m in Sources */,
				E52D63951E8A212E00BDCA6C /* ASIDownloadCache.m in Sources */,
				E52D639F1E8A212E00BDCA6C /* FMResultSet.m in Sources */,
				E52D63A11E8A212E00BDCA6C /* SBJSON.m in Sources */,
				E52D63991E8A212E00BDCA6C /* ASINetworkQueue.m in Sources */,
				E52D63A41E8A212E00BDCA6C /* SBJsonWriter.m in Sources */,
				E52D639A1E8A212E00BDCA6C /* Reachability.m in Sources */,
				E52D639E1E8A212E00BDCA6C /* FMDatabaseQueue.m in Sources */,
				E52D63911E8A212E00BDCA6C /* UserModel.m in Sources */,
				E52D639C1E8A212E00BDCA6C /* FMDatabaseAdditions.m in Sources */,
				E52D63AC1E8A212E00BDCA6C /* NSString+urlEncode.m in Sources */,
			);
			runOnlyForDeploymentPostprocessing = 0;
		};
		E51E492F1E89D8CE00A773B7 /* Sources */ = {
			isa = PBXSourcesBuildPhase;
			buildActionMask = 2147483647;
			files = (
				E51E49381E89D8CE00A773B7 /* NewRecorderTests.m in Sources */,
			);
			runOnlyForDeploymentPostprocessing = 0;
		};
		E51E493A1E89D8CE00A773B7 /* Sources */ = {
			isa = PBXSourcesBuildPhase;
			buildActionMask = 2147483647;
			files = (
				E51E49431E89D8CE00A773B7 /* NewRecorderUITests.m in Sources */,
			);
			runOnlyForDeploymentPostprocessing = 0;
		};
/* End PBXSourcesBuildPhase section */

/* Begin PBXTargetDependency section */
		E51E49351E89D8CE00A773B7 /* PBXTargetDependency */ = {
			isa = PBXTargetDependency;
			target = E51E49191E89D8CE00A773B7 /* NewRecorder */;
			targetProxy = E51E49341E89D8CE00A773B7 /* PBXContainerItemProxy */;
		};
		E51E49401E89D8CE00A773B7 /* PBXTargetDependency */ = {
			isa = PBXTargetDependency;
			target = E51E49191E89D8CE00A773B7 /* NewRecorder */;
			targetProxy = E51E493F1E89D8CE00A773B7 /* PBXContainerItemProxy */;
		};
/* End PBXTargetDependency section */

/* Begin PBXVariantGroup section */
		E51E49261E89D8CE00A773B7 /* Main.storyboard */ = {
			isa = PBXVariantGroup;
			children = (
				E51E49271E89D8CE00A773B7 /* Base */,
			);
			name = Main.storyboard;
			sourceTree = "<group>";
		};
		E51E492B1E89D8CE00A773B7 /* LaunchScreen.storyboard */ = {
			isa = PBXVariantGroup;
			children = (
				E51E492C1E89D8CE00A773B7 /* Base */,
			);
			name = LaunchScreen.storyboard;
			sourceTree = "<group>";
		};
/* End PBXVariantGroup section */

/* Begin XCBuildConfiguration section */
		E51E49451E89D8CE00A773B7 /* Debug */ = {
			isa = XCBuildConfiguration;
			buildSettings = {
				ALWAYS_SEARCH_USER_PATHS = NO;
				CLANG_ANALYZER_NONNULL = YES;
				CLANG_ANALYZER_NUMBER_OBJECT_CONVERSION = YES_AGGRESSIVE;
				CLANG_CXX_LANGUAGE_STANDARD = "gnu++0x";
				CLANG_CXX_LIBRARY = "libc++";
				CLANG_ENABLE_MODULES = YES;
				CLANG_ENABLE_OBJC_ARC = YES;
				CLANG_WARN_BOOL_CONVERSION = YES;
				CLANG_WARN_CONSTANT_CONVERSION = YES;
				CLANG_WARN_DIRECT_OBJC_ISA_USAGE = YES_ERROR;
				CLANG_WARN_DOCUMENTATION_COMMENTS = YES;
				CLANG_WARN_EMPTY_BODY = YES;
				CLANG_WARN_ENUM_CONVERSION = YES;
				CLANG_WARN_INFINITE_RECURSION = YES;
				CLANG_WARN_INT_CONVERSION = YES;
				CLANG_WARN_OBJC_ROOT_CLASS = YES_ERROR;
				CLANG_WARN_SUSPICIOUS_MOVE = YES;
				CLANG_WARN_UNREACHABLE_CODE = YES;
				CLANG_WARN__DUPLICATE_METHOD_MATCH = YES;
				"CODE_SIGN_IDENTITY[sdk=iphoneos*]" = "iPhone Developer";
				COPY_PHASE_STRIP = NO;
				DEBUG_INFORMATION_FORMAT = dwarf;
				ENABLE_STRICT_OBJC_MSGSEND = YES;
				ENABLE_TESTABILITY = YES;
				GCC_C_LANGUAGE_STANDARD = gnu99;
				GCC_DYNAMIC_NO_PIC = NO;
				GCC_NO_COMMON_BLOCKS = YES;
				GCC_OPTIMIZATION_LEVEL = 0;
				GCC_PREPROCESSOR_DEFINITIONS = (
					"DEBUG=1",
					"$(inherited)",
				);
				GCC_WARN_64_TO_32_BIT_CONVERSION = YES;
				GCC_WARN_ABOUT_RETURN_TYPE = YES_ERROR;
				GCC_WARN_UNDECLARED_SELECTOR = YES;
				GCC_WARN_UNINITIALIZED_AUTOS = YES_AGGRESSIVE;
				GCC_WARN_UNUSED_FUNCTION = YES;
				GCC_WARN_UNUSED_VARIABLE = YES;
				IPHONEOS_DEPLOYMENT_TARGET = 10.3;
				MTL_ENABLE_DEBUG_INFO = YES;
				ONLY_ACTIVE_ARCH = YES;
				SDKROOT = iphoneos;
			};
			name = Debug;
		};
		E51E49461E89D8CE00A773B7 /* Release */ = {
			isa = XCBuildConfiguration;
			buildSettings = {
				ALWAYS_SEARCH_USER_PATHS = NO;
				CLANG_ANALYZER_NONNULL = YES;
				CLANG_ANALYZER_NUMBER_OBJECT_CONVERSION = YES_AGGRESSIVE;
				CLANG_CXX_LANGUAGE_STANDARD = "gnu++0x";
				CLANG_CXX_LIBRARY = "libc++";
				CLANG_ENABLE_MODULES = YES;
				CLANG_ENABLE_OBJC_ARC = YES;
				CLANG_WARN_BOOL_CONVERSION = YES;
				CLANG_WARN_CONSTANT_CONVERSION = YES;
				CLANG_WARN_DIRECT_OBJC_ISA_USAGE = YES_ERROR;
				CLANG_WARN_DOCUMENTATION_COMMENTS = YES;
				CLANG_WARN_EMPTY_BODY = YES;
				CLANG_WARN_ENUM_CONVERSION = YES;
				CLANG_WARN_INFINITE_RECURSION = YES;
				CLANG_WARN_INT_CONVERSION = YES;
				CLANG_WARN_OBJC_ROOT_CLASS = YES_ERROR;
				CLANG_WARN_SUSPICIOUS_MOVE = YES;
				CLANG_WARN_UNREACHABLE_CODE = YES;
				CLANG_WARN__DUPLICATE_METHOD_MATCH = YES;
				"CODE_SIGN_IDENTITY[sdk=iphoneos*]" = "iPhone Developer";
				COPY_PHASE_STRIP = NO;
				DEBUG_INFORMATION_FORMAT = "dwarf-with-dsym";
				ENABLE_NS_ASSERTIONS = NO;
				ENABLE_STRICT_OBJC_MSGSEND = YES;
				GCC_C_LANGUAGE_STANDARD = gnu99;
				GCC_NO_COMMON_BLOCKS = YES;
				GCC_WARN_64_TO_32_BIT_CONVERSION = YES;
				GCC_WARN_ABOUT_RETURN_TYPE = YES_ERROR;
				GCC_WARN_UNDECLARED_SELECTOR = YES;
				GCC_WARN_UNINITIALIZED_AUTOS = YES_AGGRESSIVE;
				GCC_WARN_UNUSED_FUNCTION = YES;
				GCC_WARN_UNUSED_VARIABLE = YES;
				IPHONEOS_DEPLOYMENT_TARGET = 10.3;
				MTL_ENABLE_DEBUG_INFO = NO;
				SDKROOT = iphoneos;
				VALIDATE_PRODUCT = YES;
			};
			name = Release;
		};
		E51E49481E89D8CE00A773B7 /* Debug */ = {
			isa = XCBuildConfiguration;
			buildSettings = {
				ASSETCATALOG_COMPILER_APPICON_NAME = AppIcon;
				DEVELOPMENT_TEAM = DVP75478EK;
				INFOPLIST_FILE = NewRecorder/Info.plist;
				LD_RUNPATH_SEARCH_PATHS = "$(inherited) @executable_path/Frameworks";
				PRODUCT_BUNDLE_IDENTIFIER = tiger.NewRecorder;
				PRODUCT_NAME = "$(TARGET_NAME)";
			};
			name = Debug;
		};
		E51E49491E89D8CE00A773B7 /* Release */ = {
			isa = XCBuildConfiguration;
			buildSettings = {
				ASSETCATALOG_COMPILER_APPICON_NAME = AppIcon;
				DEVELOPMENT_TEAM = DVP75478EK;
				INFOPLIST_FILE = NewRecorder/Info.plist;
				LD_RUNPATH_SEARCH_PATHS = "$(inherited) @executable_path/Frameworks";
				PRODUCT_BUNDLE_IDENTIFIER = tiger.NewRecorder;
				PRODUCT_NAME = "$(TARGET_NAME)";
			};
			name = Release;
		};
		E51E494B1E89D8CE00A773B7 /* Debug */ = {
			isa = XCBuildConfiguration;
			buildSettings = {
				BUNDLE_LOADER = "$(TEST_HOST)";
				DEVELOPMENT_TEAM = DVP75478EK;
				INFOPLIST_FILE = NewRecorderTests/Info.plist;
				LD_RUNPATH_SEARCH_PATHS = "$(inherited) @executable_path/Frameworks @loader_path/Frameworks";
				PRODUCT_BUNDLE_IDENTIFIER = tiger.NewRecorderTests;
				PRODUCT_NAME = "$(TARGET_NAME)";
				TEST_HOST = "$(BUILT_PRODUCTS_DIR)/NewRecorder.app/NewRecorder";
			};
			name = Debug;
		};
		E51E494C1E89D8CE00A773B7 /* Release */ = {
			isa = XCBuildConfiguration;
			buildSettings = {
				BUNDLE_LOADER = "$(TEST_HOST)";
				DEVELOPMENT_TEAM = DVP75478EK;
				INFOPLIST_FILE = NewRecorderTests/Info.plist;
				LD_RUNPATH_SEARCH_PATHS = "$(inherited) @executable_path/Frameworks @loader_path/Frameworks";
				PRODUCT_BUNDLE_IDENTIFIER = tiger.NewRecorderTests;
				PRODUCT_NAME = "$(TARGET_NAME)";
				TEST_HOST = "$(BUILT_PRODUCTS_DIR)/NewRecorder.app/NewRecorder";
			};
			name = Release;
		};
		E51E494E1E89D8CE00A773B7 /* Debug */ = {
			isa = XCBuildConfiguration;
			buildSettings = {
				DEVELOPMENT_TEAM = DVP75478EK;
				INFOPLIST_FILE = NewRecorderUITests/Info.plist;
				LD_RUNPATH_SEARCH_PATHS = "$(inherited) @executable_path/Frameworks @loader_path/Frameworks";
				PRODUCT_BUNDLE_IDENTIFIER = tiger.NewRecorderUITests;
				PRODUCT_NAME = "$(TARGET_NAME)";
				TEST_TARGET_NAME = NewRecorder;
			};
			name = Debug;
		};
		E51E494F1E89D8CE00A773B7 /* Release */ = {
			isa = XCBuildConfiguration;
			buildSettings = {
				DEVELOPMENT_TEAM = DVP75478EK;
				INFOPLIST_FILE = NewRecorderUITests/Info.plist;
				LD_RUNPATH_SEARCH_PATHS = "$(inherited) @executable_path/Frameworks @loader_path/Frameworks";
				PRODUCT_BUNDLE_IDENTIFIER = tiger.NewRecorderUITests;
				PRODUCT_NAME = "$(TARGET_NAME)";
				TEST_TARGET_NAME = NewRecorder;
			};
			name = Release;
		};
/* End XCBuildConfiguration section */

/* Begin XCConfigurationList section */
		E51E49151E89D8CE00A773B7 /* Build configuration list for PBXProject "NewRecorder" */ = {
			isa = XCConfigurationList;
			buildConfigurations = (
				E51E49451E89D8CE00A773B7 /* Debug */,
				E51E49461E89D8CE00A773B7 /* Release */,
			);
			defaultConfigurationIsVisible = 0;
			defaultConfigurationName = Release;
		};
		E51E49471E89D8CE00A773B7 /* Build configuration list for PBXNativeTarget "NewRecorder" */ = {
			isa = XCConfigurationList;
			buildConfigurations = (
				E51E49481E89D8CE00A773B7 /* Debug */,
				E51E49491E89D8CE00A773B7 /* Release */,
			);
			defaultConfigurationIsVisible = 0;
			defaultConfigurationName = Release;
		};
		E51E494A1E89D8CE00A773B7 /* Build configuration list for PBXNativeTarget "NewRecorderTests" */ = {
			isa = XCConfigurationList;
			buildConfigurations = (
				E51E494B1E89D8CE00A773B7 /* Debug */,
				E51E494C1E89D8CE00A773B7 /* Release */,
			);
			defaultConfigurationIsVisible = 0;
			defaultConfigurationName = Release;
		};
		E51E494D1E89D8CE00A773B7 /* Build configuration list for PBXNativeTarget "NewRecorderUITests" */ = {
			isa = XCConfigurationList;
			buildConfigurations = (
				E51E494E1E89D8CE00A773B7 /* Debug */,
				E51E494F1E89D8CE00A773B7 /* Release */,
			);
			defaultConfigurationIsVisible = 0;
			defaultConfigurationName = Release;
		};
/* End XCConfigurationList section */
	};
	rootObject = E51E49121E89D8CE00A773B7 /* Project object */;
}
